
Microsoft Visual Studio Solution File, Format Version 12.00
# Visual Studio Version 16
VisualStudioVersion = 16.0.29215.179
MinimumVisualStudioVersion = 10.0.40219.1
Project("{9A19103F-16F7-4668-BE54-9A1E7A4F7556}") = "entropyRNG", "..\DesignLibs_GPL\Common\entropyRNG\entropyRNG.csproj", "{F1F90248-4928-471E-A34E-5234FC0C8957}"
EndProject
Project("{9A19103F-16F7-4668-BE54-9A1E7A4F7556}") = "MiscUtil", "..\DesignLibs_GPL\Common\MiscUtil\MiscUtil.csproj", "{38FA2602-902D-4361-A03A-902CA7AE256B}"
EndProject
Project("{2150E333-8FDC-42A3-9474-1A3956D46DE8}") = "Tests", "Tests", "{F8094304-F2FB-434E-9358-271310D36764}"
EndProject
Project("{2150E333-8FDC-42A3-9474-1A3956D46DE8}") = "Libs", "Libs", "{45517C2A-513E-4B2F-921D-6D26FDA13AC6}"
EndProject
Project("{FAE04EC0-301F-11D3-BF4B-00C04F79EFBC}") = "Burkardt", "Burkardt\Burkardt.csproj", "{49328370-9D33-4FEF-9903-A0C38197546B}"
EndProject
EndProject
Project("{2150E333-8FDC-42A3-9474-1A3956D46DE8}") = "Burkardt", "Burkardt", "{B14C0D74-30A0-4540-8100-2FFA1C84CA6D}"
EndProject
Project("{2150E333-8FDC-42A3-9474-1A3956D46DE8}") = "Lagrange", "Lagrange", "{540E750A-214C-434E-934A-F0817DCD855E}"
EndProject
Project("{FAE04EC0-301F-11D3-BF4B-00C04F79EFBC}") = "LagrangeApprox1DTest", "BurkardtTest\Lagrange\LagrangeApprox1DTest\LagrangeApprox1DTest.csproj", "{846971AB-1E3C-404F-B935-DE0D84E5F45D}"
EndProject
Project("{FAE04EC0-301F-11D3-BF4B-00C04F79EFBC}") = "LagrangeInterp1DTest", "BurkardtTest\Lagrange\LagrangeInterp1DTest\LagrangeInterp1DTest.csproj", "{9CC8CA15-72B5-4B82-A68D-FA87610C1C71}"
EndProject
Project("{FAE04EC0-301F-11D3-BF4B-00C04F79EFBC}") = "LagrangeInterp2DTest", "BurkardtTest\Lagrange\LagrangeInterp2DTest\LagrangeInterp2DTest.csproj", "{07DBB043-E6D6-445B-9C0A-E26DD8C76E61}"
EndProject
Project("{FAE04EC0-301F-11D3-BF4B-00C04F79EFBC}") = "LagrangeInterpnDTest", "BurkardtTest\Lagrange\LagrangeInterpnDTest\LagrangeInterpnDTest.csproj", "{70F5C29B-65F5-4CA0-99BD-D3A98155CF78}"
EndProject
Project("{2150E333-8FDC-42A3-9474-1A3956D46DE8}") = "Laguerre", "Laguerre", "{03BF32AC-0A98-474F-A550-72B20C9B3A33}"
EndProject
Project("{FAE04EC0-301F-11D3-BF4B-00C04F79EFBC}") = "LaguerreIntegrandsTest", "BurkardtTest\Laguerre\LaguerreIntegrandsTest\LaguerreIntegrandsTest.csproj", "{777D2BF3-8A5D-434D-891D-85C7FFA218D9}"
EndProject
Project("{2150E333-8FDC-42A3-9474-1A3956D46DE8}") = "Legendre", "Legendre", "{73599ADC-B20B-4E24-8CB8-350A3CF60129}"
EndProject
Project("{FAE04EC0-301F-11D3-BF4B-00C04F79EFBC}") = "FastGaussLegendreTest", "BurkardtTest\Legendre\FastGaussLegendreTest\FastGaussLegendreTest.csproj", "{FD27B2E8-6FC4-4475-8DCD-CEB74C081EEA}"
EndProject
Project("{FAE04EC0-301F-11D3-BF4B-00C04F79EFBC}") = "LegendreRuleTest", "BurkardtTest\Legendre\LegendreRuleTest\LegendreRuleTest.csproj", "{EE4EA1CA-3A8F-4A80-A1FE-606EEFFEC2AD}"
EndProject
Project("{FAE04EC0-301F-11D3-BF4B-00C04F79EFBC}") = "LegendreRuleFastTest", "BurkardtTest\Legendre\LegendreRuleFastTest\LegendreRuleFastTest.csproj", "{A9B23EC4-412C-4A48-A5F7-93EF880DACAA}"
EndProject
Project("{2150E333-8FDC-42A3-9474-1A3956D46DE8}") = "Linpack", "Linpack", "{F33D610F-26A3-4085-83ED-71E3828BF48D}"
EndProject
Project("{FAE04EC0-301F-11D3-BF4B-00C04F79EFBC}") = "LinpackDTest", "BurkardtTest\Linpack\LinpackDTest\LinpackDTest.csproj", "{371E4F55-A0C0-4B6B-A091-55122BAF197A}"
EndProject
Project("{FAE04EC0-301F-11D3-BF4B-00C04F79EFBC}") = "LinpackZTest", "BurkardtTest\Linpack\LinpackZTest\LinpackZTest.csproj", "{BBDED5EC-EEA4-4DDE-82B3-9AEC0718C4E1}"
EndProject
Project("{FAE04EC0-301F-11D3-BF4B-00C04F79EFBC}") = "LinpackBench", "BurkardtTest\Linpack\LinpackBench\LinpackBench.csproj", "{3BA833DE-1396-4EFD-93CE-4CBA7741C73E}"
EndProject
Project("{2150E333-8FDC-42A3-9474-1A3956D46DE8}") = "LocalMinimum", "LocalMinimum", "{1A3D02FA-96F1-40B5-A679-775E8FF735BE}"
EndProject
Project("{FAE04EC0-301F-11D3-BF4B-00C04F79EFBC}") = "LocalMinimumTest", "BurkardtTest\LocalMinimum\LocalMinimumTest\LocalMinimumTest.csproj", "{42894328-4E10-4A88-BB4B-6B2CB93121DE}"
EndProject
Project("{FAE04EC0-301F-11D3-BF4B-00C04F79EFBC}") = "LocalMinimumRCTest", "BurkardtTest\LocalMinimum\LocalMinimumRCTest\LocalMinimumRCTest.csproj", "{26E4D7DA-4E55-4EBA-A2CD-B78CDF863204}"
EndProject
Project("{FAE04EC0-301F-11D3-BF4B-00C04F79EFBC}") = "LaguerreRuleStroudSecrestTest", "BurkardtTest\Laguerre\LaguerreRuleStroudSecrestTest\LaguerreRuleStroudSecrestTest.csproj", "{695A262C-B8BC-414E-A954-AC5F5844B8F3}"
EndProject
Project("{FAE04EC0-301F-11D3-BF4B-00C04F79EFBC}") = "LaguerreIntegrationSemiInfiniteIntervalsTest", "BurkardtTest\Laguerre\LaguerreIntegrationSemiInfiniteIntervalsTest\LaguerreIntegrationSemiInfiniteIntervalsTest.csproj", "{060C06E9-9C76-40FB-A7FD-24DC5478E19B}"
EndProject
Project("{FAE04EC0-301F-11D3-BF4B-00C04F79EFBC}") = "Tests", "BurkardtTest\Tests\Tests.csproj", "{B84A2A8B-86C4-48E7-8C17-317482E419F1}"
EndProject
Project("{FAE04EC0-301F-11D3-BF4B-00C04F79EFBC}") = "mersenneTwister", "..\DesignLibs_GPL\Common\MersenneTwister\mersenneTwister.csproj", "{70D8B428-B7C1-476F-A14C-CE382076A590}"
EndProject
Global
	GlobalSection(SolutionConfigurationPlatforms) = preSolution
		Debug|Any CPU = Debug|Any CPU
		Debug|x64 = Debug|x64
		Debug|x86 = Debug|x86
		Release|Any CPU = Release|Any CPU
		Release|x64 = Release|x64
		Release|x86 = Release|x86
	EndGlobalSection
	GlobalSection(ProjectConfigurationPlatforms) = postSolution
		{DF5B03B2-1514-4223-9D2B-EEB93A5CEF89}.Debug|Any CPU.ActiveCfg = Debug|Any CPU
		{DF5B03B2-1514-4223-9D2B-EEB93A5CEF89}.Debug|Any CPU.Build.0 = Debug|Any CPU
		{DF5B03B2-1514-4223-9D2B-EEB93A5CEF89}.Debug|x64.ActiveCfg = Debug|Any CPU
		{DF5B03B2-1514-4223-9D2B-EEB93A5CEF89}.Debug|x64.Build.0 = Debug|Any CPU
		{DF5B03B2-1514-4223-9D2B-EEB93A5CEF89}.Debug|x86.ActiveCfg = Debug|Any CPU
		{DF5B03B2-1514-4223-9D2B-EEB93A5CEF89}.Debug|x86.Build.0 = Debug|Any CPU
		{DF5B03B2-1514-4223-9D2B-EEB93A5CEF89}.Release|Any CPU.ActiveCfg = Release|Any CPU
		{DF5B03B2-1514-4223-9D2B-EEB93A5CEF89}.Release|Any CPU.Build.0 = Release|Any CPU
		{DF5B03B2-1514-4223-9D2B-EEB93A5CEF89}.Release|x64.ActiveCfg = Release|Any CPU
		{DF5B03B2-1514-4223-9D2B-EEB93A5CEF89}.Release|x64.Build.0 = Release|Any CPU
		{DF5B03B2-1514-4223-9D2B-EEB93A5CEF89}.Release|x86.ActiveCfg = Release|Any CPU
		{DF5B03B2-1514-4223-9D2B-EEB93A5CEF89}.Release|x86.Build.0 = Release|Any CPU
		{B4E0DF49-5450-4CD0-81CF-D13995784D1F}.Debug|Any CPU.ActiveCfg = Debug|Any CPU
		{B4E0DF49-5450-4CD0-81CF-D13995784D1F}.Debug|Any CPU.Build.0 = Debug|Any CPU
		{B4E0DF49-5450-4CD0-81CF-D13995784D1F}.Debug|x64.ActiveCfg = Debug|Any CPU
		{B4E0DF49-5450-4CD0-81CF-D13995784D1F}.Debug|x64.Build.0 = Debug|Any CPU
		{B4E0DF49-5450-4CD0-81CF-D13995784D1F}.Debug|x86.ActiveCfg = Debug|Any CPU
		{B4E0DF49-5450-4CD0-81CF-D13995784D1F}.Debug|x86.Build.0 = Debug|Any CPU
		{B4E0DF49-5450-4CD0-81CF-D13995784D1F}.Release|Any CPU.ActiveCfg = Release|Any CPU
		{B4E0DF49-5450-4CD0-81CF-D13995784D1F}.Release|Any CPU.Build.0 = Release|Any CPU
		{B4E0DF49-5450-4CD0-81CF-D13995784D1F}.Release|x64.ActiveCfg = Release|Any CPU
		{B4E0DF49-5450-4CD0-81CF-D13995784D1F}.Release|x64.Build.0 = Release|Any CPU
		{B4E0DF49-5450-4CD0-81CF-D13995784D1F}.Release|x86.ActiveCfg = Release|Any CPU
		{B4E0DF49-5450-4CD0-81CF-D13995784D1F}.Release|x86.Build.0 = Release|Any CPU
		{F1F90248-4928-471E-A34E-5234FC0C8957}.Debug|Any CPU.ActiveCfg = Debug|Any CPU
		{F1F90248-4928-471E-A34E-5234FC0C8957}.Debug|Any CPU.Build.0 = Debug|Any CPU
		{F1F90248-4928-471E-A34E-5234FC0C8957}.Debug|x64.ActiveCfg = Debug|Any CPU
		{F1F90248-4928-471E-A34E-5234FC0C8957}.Debug|x64.Build.0 = Debug|Any CPU
		{F1F90248-4928-471E-A34E-5234FC0C8957}.Debug|x86.ActiveCfg = Debug|Any CPU
		{F1F90248-4928-471E-A34E-5234FC0C8957}.Debug|x86.Build.0 = Debug|Any CPU
		{F1F90248-4928-471E-A34E-5234FC0C8957}.Release|Any CPU.ActiveCfg = Release|Any CPU
		{F1F90248-4928-471E-A34E-5234FC0C8957}.Release|Any CPU.Build.0 = Release|Any CPU
		{F1F90248-4928-471E-A34E-5234FC0C8957}.Release|x64.ActiveCfg = Release|Any CPU
		{F1F90248-4928-471E-A34E-5234FC0C8957}.Release|x64.Build.0 = Release|Any CPU
		{F1F90248-4928-471E-A34E-5234FC0C8957}.Release|x86.ActiveCfg = Release|Any CPU
		{F1F90248-4928-471E-A34E-5234FC0C8957}.Release|x86.Build.0 = Release|Any CPU
		{8F68FFC9-C127-4F6A-9773-8C7BDA276875}.Debug|Any CPU.ActiveCfg = Debug|Any CPU
		{8F68FFC9-C127-4F6A-9773-8C7BDA276875}.Debug|Any CPU.Build.0 = Debug|Any CPU
		{8F68FFC9-C127-4F6A-9773-8C7BDA276875}.Debug|x64.ActiveCfg = Debug|Any CPU
		{8F68FFC9-C127-4F6A-9773-8C7BDA276875}.Debug|x64.Build.0 = Debug|Any CPU
		{8F68FFC9-C127-4F6A-9773-8C7BDA276875}.Debug|x86.ActiveCfg = Debug|Any CPU
		{8F68FFC9-C127-4F6A-9773-8C7BDA276875}.Debug|x86.Build.0 = Debug|Any CPU
		{8F68FFC9-C127-4F6A-9773-8C7BDA276875}.Release|Any CPU.ActiveCfg = Release|Any CPU
		{8F68FFC9-C127-4F6A-9773-8C7BDA276875}.Release|Any CPU.Build.0 = Release|Any CPU
		{8F68FFC9-C127-4F6A-9773-8C7BDA276875}.Release|x64.ActiveCfg = Release|Any CPU
		{8F68FFC9-C127-4F6A-9773-8C7BDA276875}.Release|x64.Build.0 = Release|Any CPU
		{8F68FFC9-C127-4F6A-9773-8C7BDA276875}.Release|x86.ActiveCfg = Release|Any CPU
		{8F68FFC9-C127-4F6A-9773-8C7BDA276875}.Release|x86.Build.0 = Release|Any CPU
		{E3676D55-B27B-4827-B1B5-67EAF838C080}.Debug|Any CPU.ActiveCfg = Debug|Any CPU
		{E3676D55-B27B-4827-B1B5-67EAF838C080}.Debug|Any CPU.Build.0 = Debug|Any CPU
		{E3676D55-B27B-4827-B1B5-67EAF838C080}.Debug|x64.ActiveCfg = Debug|Any CPU
		{E3676D55-B27B-4827-B1B5-67EAF838C080}.Debug|x64.Build.0 = Debug|Any CPU
		{E3676D55-B27B-4827-B1B5-67EAF838C080}.Debug|x86.ActiveCfg = Debug|Any CPU
		{E3676D55-B27B-4827-B1B5-67EAF838C080}.Debug|x86.Build.0 = Debug|Any CPU
		{E3676D55-B27B-4827-B1B5-67EAF838C080}.Release|Any CPU.ActiveCfg = Release|Any CPU
		{E3676D55-B27B-4827-B1B5-67EAF838C080}.Release|Any CPU.Build.0 = Release|Any CPU
		{E3676D55-B27B-4827-B1B5-67EAF838C080}.Release|x64.ActiveCfg = Release|Any CPU
		{E3676D55-B27B-4827-B1B5-67EAF838C080}.Release|x64.Build.0 = Release|Any CPU
		{E3676D55-B27B-4827-B1B5-67EAF838C080}.Release|x86.ActiveCfg = Release|Any CPU
		{E3676D55-B27B-4827-B1B5-67EAF838C080}.Release|x86.Build.0 = Release|Any CPU
		{4C9D4FE1-2578-4B77-99F5-BA39F8299A55}.Debug|Any CPU.ActiveCfg = Debug|Any CPU
		{4C9D4FE1-2578-4B77-99F5-BA39F8299A55}.Debug|Any CPU.Build.0 = Debug|Any CPU
		{4C9D4FE1-2578-4B77-99F5-BA39F8299A55}.Debug|x64.ActiveCfg = Debug|Any CPU
		{4C9D4FE1-2578-4B77-99F5-BA39F8299A55}.Debug|x64.Build.0 = Debug|Any CPU
		{4C9D4FE1-2578-4B77-99F5-BA39F8299A55}.Debug|x86.ActiveCfg = Debug|Any CPU
		{4C9D4FE1-2578-4B77-99F5-BA39F8299A55}.Debug|x86.Build.0 = Debug|Any CPU
		{4C9D4FE1-2578-4B77-99F5-BA39F8299A55}.Release|Any CPU.ActiveCfg = Release|Any CPU
		{4C9D4FE1-2578-4B77-99F5-BA39F8299A55}.Release|Any CPU.Build.0 = Release|Any CPU
		{4C9D4FE1-2578-4B77-99F5-BA39F8299A55}.Release|x64.ActiveCfg = Release|Any CPU
		{4C9D4FE1-2578-4B77-99F5-BA39F8299A55}.Release|x64.Build.0 = Release|Any CPU
		{4C9D4FE1-2578-4B77-99F5-BA39F8299A55}.Release|x86.ActiveCfg = Release|Any CPU
		{4C9D4FE1-2578-4B77-99F5-BA39F8299A55}.Release|x86.Build.0 = Release|Any CPU
		{8221AABF-E344-4798-BCE3-BC094EB40279}.Debug|Any CPU.ActiveCfg = Debug|Any CPU
		{8221AABF-E344-4798-BCE3-BC094EB40279}.Debug|Any CPU.Build.0 = Debug|Any CPU
		{8221AABF-E344-4798-BCE3-BC094EB40279}.Debug|x64.ActiveCfg = Debug|Any CPU
		{8221AABF-E344-4798-BCE3-BC094EB40279}.Debug|x64.Build.0 = Debug|Any CPU
		{8221AABF-E344-4798-BCE3-BC094EB40279}.Debug|x86.ActiveCfg = Debug|Any CPU
		{8221AABF-E344-4798-BCE3-BC094EB40279}.Debug|x86.Build.0 = Debug|Any CPU
		{8221AABF-E344-4798-BCE3-BC094EB40279}.Release|Any CPU.ActiveCfg = Release|Any CPU
		{8221AABF-E344-4798-BCE3-BC094EB40279}.Release|Any CPU.Build.0 = Release|Any CPU
		{8221AABF-E344-4798-BCE3-BC094EB40279}.Release|x64.ActiveCfg = Release|Any CPU
		{8221AABF-E344-4798-BCE3-BC094EB40279}.Release|x64.Build.0 = Release|Any CPU
		{8221AABF-E344-4798-BCE3-BC094EB40279}.Release|x86.ActiveCfg = Release|Any CPU
		{8221AABF-E344-4798-BCE3-BC094EB40279}.Release|x86.Build.0 = Release|Any CPU
		{F928A051-CC83-4610-839B-DA0AE009F436}.Debug|Any CPU.ActiveCfg = Debug|Any CPU
		{F928A051-CC83-4610-839B-DA0AE009F436}.Debug|Any CPU.Build.0 = Debug|Any CPU
		{F928A051-CC83-4610-839B-DA0AE009F436}.Debug|x64.ActiveCfg = Debug|Any CPU
		{F928A051-CC83-4610-839B-DA0AE009F436}.Debug|x64.Build.0 = Debug|Any CPU
		{F928A051-CC83-4610-839B-DA0AE009F436}.Debug|x86.ActiveCfg = Debug|Any CPU
		{F928A051-CC83-4610-839B-DA0AE009F436}.Debug|x86.Build.0 = Debug|Any CPU
		{F928A051-CC83-4610-839B-DA0AE009F436}.Release|Any CPU.ActiveCfg = Release|Any CPU
		{F928A051-CC83-4610-839B-DA0AE009F436}.Release|Any CPU.Build.0 = Release|Any CPU
		{F928A051-CC83-4610-839B-DA0AE009F436}.Release|x64.ActiveCfg = Release|Any CPU
		{F928A051-CC83-4610-839B-DA0AE009F436}.Release|x64.Build.0 = Release|Any CPU
		{F928A051-CC83-4610-839B-DA0AE009F436}.Release|x86.ActiveCfg = Release|Any CPU
		{F928A051-CC83-4610-839B-DA0AE009F436}.Release|x86.Build.0 = Release|Any CPU
		{FB6E43CD-902E-4319-9342-0D9B75E08CFF}.Debug|Any CPU.ActiveCfg = Debug|Any CPU
		{FB6E43CD-902E-4319-9342-0D9B75E08CFF}.Debug|Any CPU.Build.0 = Debug|Any CPU
		{FB6E43CD-902E-4319-9342-0D9B75E08CFF}.Debug|x64.ActiveCfg = Debug|Any CPU
		{FB6E43CD-902E-4319-9342-0D9B75E08CFF}.Debug|x64.Build.0 = Debug|Any CPU
		{FB6E43CD-902E-4319-9342-0D9B75E08CFF}.Debug|x86.ActiveCfg = Debug|Any CPU
		{FB6E43CD-902E-4319-9342-0D9B75E08CFF}.Debug|x86.Build.0 = Debug|Any CPU
		{FB6E43CD-902E-4319-9342-0D9B75E08CFF}.Release|Any CPU.ActiveCfg = Release|Any CPU
		{FB6E43CD-902E-4319-9342-0D9B75E08CFF}.Release|Any CPU.Build.0 = Release|Any CPU
		{FB6E43CD-902E-4319-9342-0D9B75E08CFF}.Release|x64.ActiveCfg = Release|Any CPU
		{FB6E43CD-902E-4319-9342-0D9B75E08CFF}.Release|x64.Build.0 = Release|Any CPU
		{FB6E43CD-902E-4319-9342-0D9B75E08CFF}.Release|x86.ActiveCfg = Release|Any CPU
		{FB6E43CD-902E-4319-9342-0D9B75E08CFF}.Release|x86.Build.0 = Release|Any CPU
		{38FA2602-902D-4361-A03A-902CA7AE256B}.Debug|Any CPU.ActiveCfg = Debug|Any CPU
		{38FA2602-902D-4361-A03A-902CA7AE256B}.Debug|Any CPU.Build.0 = Debug|Any CPU
		{38FA2602-902D-4361-A03A-902CA7AE256B}.Debug|x64.ActiveCfg = Debug|Any CPU
		{38FA2602-902D-4361-A03A-902CA7AE256B}.Debug|x64.Build.0 = Debug|Any CPU
		{38FA2602-902D-4361-A03A-902CA7AE256B}.Debug|x86.ActiveCfg = Debug|Any CPU
		{38FA2602-902D-4361-A03A-902CA7AE256B}.Debug|x86.Build.0 = Debug|Any CPU
		{38FA2602-902D-4361-A03A-902CA7AE256B}.Release|Any CPU.ActiveCfg = Release|Any CPU
		{38FA2602-902D-4361-A03A-902CA7AE256B}.Release|Any CPU.Build.0 = Release|Any CPU
		{38FA2602-902D-4361-A03A-902CA7AE256B}.Release|x64.ActiveCfg = Release|Any CPU
		{38FA2602-902D-4361-A03A-902CA7AE256B}.Release|x64.Build.0 = Release|Any CPU
		{38FA2602-902D-4361-A03A-902CA7AE256B}.Release|x86.ActiveCfg = Release|Any CPU
		{38FA2602-902D-4361-A03A-902CA7AE256B}.Release|x86.Build.0 = Release|Any CPU
		{CDFB9996-9F69-4A60-8B8D-418FF1E5F260}.Debug|Any CPU.ActiveCfg = Debug|Any CPU
		{CDFB9996-9F69-4A60-8B8D-418FF1E5F260}.Debug|Any CPU.Build.0 = Debug|Any CPU
		{CDFB9996-9F69-4A60-8B8D-418FF1E5F260}.Debug|x64.ActiveCfg = Debug|Any CPU
		{CDFB9996-9F69-4A60-8B8D-418FF1E5F260}.Debug|x64.Build.0 = Debug|Any CPU
		{CDFB9996-9F69-4A60-8B8D-418FF1E5F260}.Debug|x86.ActiveCfg = Debug|Any CPU
		{CDFB9996-9F69-4A60-8B8D-418FF1E5F260}.Debug|x86.Build.0 = Debug|Any CPU
		{CDFB9996-9F69-4A60-8B8D-418FF1E5F260}.Release|Any CPU.ActiveCfg = Release|Any CPU
		{CDFB9996-9F69-4A60-8B8D-418FF1E5F260}.Release|Any CPU.Build.0 = Release|Any CPU
		{CDFB9996-9F69-4A60-8B8D-418FF1E5F260}.Release|x64.ActiveCfg = Release|Any CPU
		{CDFB9996-9F69-4A60-8B8D-418FF1E5F260}.Release|x64.Build.0 = Release|Any CPU
		{CDFB9996-9F69-4A60-8B8D-418FF1E5F260}.Release|x86.ActiveCfg = Release|Any CPU
		{CDFB9996-9F69-4A60-8B8D-418FF1E5F260}.Release|x86.Build.0 = Release|Any CPU
		{930E4B55-C850-4421-8D1F-8B3D8BA04E8B}.Debug|Any CPU.ActiveCfg = Debug|Any CPU
		{930E4B55-C850-4421-8D1F-8B3D8BA04E8B}.Debug|Any CPU.Build.0 = Debug|Any CPU
		{930E4B55-C850-4421-8D1F-8B3D8BA04E8B}.Debug|x64.ActiveCfg = Debug|Any CPU
		{930E4B55-C850-4421-8D1F-8B3D8BA04E8B}.Debug|x64.Build.0 = Debug|Any CPU
		{930E4B55-C850-4421-8D1F-8B3D8BA04E8B}.Debug|x86.ActiveCfg = Debug|Any CPU
		{930E4B55-C850-4421-8D1F-8B3D8BA04E8B}.Debug|x86.Build.0 = Debug|Any CPU
		{930E4B55-C850-4421-8D1F-8B3D8BA04E8B}.Release|Any CPU.ActiveCfg = Release|Any CPU
		{930E4B55-C850-4421-8D1F-8B3D8BA04E8B}.Release|Any CPU.Build.0 = Release|Any CPU
		{930E4B55-C850-4421-8D1F-8B3D8BA04E8B}.Release|x64.ActiveCfg = Release|Any CPU
		{930E4B55-C850-4421-8D1F-8B3D8BA04E8B}.Release|x64.Build.0 = Release|Any CPU
		{930E4B55-C850-4421-8D1F-8B3D8BA04E8B}.Release|x86.ActiveCfg = Release|Any CPU
		{930E4B55-C850-4421-8D1F-8B3D8BA04E8B}.Release|x86.Build.0 = Release|Any CPU
		{259DB72B-8CD4-4694-BC15-93965D98CAD5}.Debug|Any CPU.ActiveCfg = Debug|Any CPU
		{259DB72B-8CD4-4694-BC15-93965D98CAD5}.Debug|Any CPU.Build.0 = Debug|Any CPU
		{259DB72B-8CD4-4694-BC15-93965D98CAD5}.Debug|x64.ActiveCfg = Debug|Any CPU
		{259DB72B-8CD4-4694-BC15-93965D98CAD5}.Debug|x64.Build.0 = Debug|Any CPU
		{259DB72B-8CD4-4694-BC15-93965D98CAD5}.Debug|x86.ActiveCfg = Debug|Any CPU
		{259DB72B-8CD4-4694-BC15-93965D98CAD5}.Debug|x86.Build.0 = Debug|Any CPU
		{259DB72B-8CD4-4694-BC15-93965D98CAD5}.Release|Any CPU.ActiveCfg = Release|Any CPU
		{259DB72B-8CD4-4694-BC15-93965D98CAD5}.Release|Any CPU.Build.0 = Release|Any CPU
		{259DB72B-8CD4-4694-BC15-93965D98CAD5}.Release|x64.ActiveCfg = Release|Any CPU
		{259DB72B-8CD4-4694-BC15-93965D98CAD5}.Release|x64.Build.0 = Release|Any CPU
		{259DB72B-8CD4-4694-BC15-93965D98CAD5}.Release|x86.ActiveCfg = Release|Any CPU
		{259DB72B-8CD4-4694-BC15-93965D98CAD5}.Release|x86.Build.0 = Release|Any CPU
		{9E94CD22-721E-428A-92AD-9E43EFB3DEEF}.Debug|Any CPU.ActiveCfg = Debug|Any CPU
		{9E94CD22-721E-428A-92AD-9E43EFB3DEEF}.Debug|Any CPU.Build.0 = Debug|Any CPU
		{9E94CD22-721E-428A-92AD-9E43EFB3DEEF}.Debug|x64.ActiveCfg = Debug|Any CPU
		{9E94CD22-721E-428A-92AD-9E43EFB3DEEF}.Debug|x64.Build.0 = Debug|Any CPU
		{9E94CD22-721E-428A-92AD-9E43EFB3DEEF}.Debug|x86.ActiveCfg = Debug|Any CPU
		{9E94CD22-721E-428A-92AD-9E43EFB3DEEF}.Debug|x86.Build.0 = Debug|Any CPU
		{9E94CD22-721E-428A-92AD-9E43EFB3DEEF}.Release|Any CPU.ActiveCfg = Release|Any CPU
		{9E94CD22-721E-428A-92AD-9E43EFB3DEEF}.Release|Any CPU.Build.0 = Release|Any CPU
		{9E94CD22-721E-428A-92AD-9E43EFB3DEEF}.Release|x64.ActiveCfg = Release|Any CPU
		{9E94CD22-721E-428A-92AD-9E43EFB3DEEF}.Release|x64.Build.0 = Release|Any CPU
		{9E94CD22-721E-428A-92AD-9E43EFB3DEEF}.Release|x86.ActiveCfg = Release|Any CPU
		{9E94CD22-721E-428A-92AD-9E43EFB3DEEF}.Release|x86.Build.0 = Release|Any CPU
		{44F4F35E-8446-4FA9-A825-D974DF5FF290}.Debug|Any CPU.ActiveCfg = Debug|Any CPU
		{44F4F35E-8446-4FA9-A825-D974DF5FF290}.Debug|Any CPU.Build.0 = Debug|Any CPU
		{44F4F35E-8446-4FA9-A825-D974DF5FF290}.Debug|x64.ActiveCfg = Debug|Any CPU
		{44F4F35E-8446-4FA9-A825-D974DF5FF290}.Debug|x64.Build.0 = Debug|Any CPU
		{44F4F35E-8446-4FA9-A825-D974DF5FF290}.Debug|x86.ActiveCfg = Debug|Any CPU
		{44F4F35E-8446-4FA9-A825-D974DF5FF290}.Debug|x86.Build.0 = Debug|Any CPU
		{44F4F35E-8446-4FA9-A825-D974DF5FF290}.Release|Any CPU.ActiveCfg = Release|Any CPU
		{44F4F35E-8446-4FA9-A825-D974DF5FF290}.Release|Any CPU.Build.0 = Release|Any CPU
		{44F4F35E-8446-4FA9-A825-D974DF5FF290}.Release|x64.ActiveCfg = Release|Any CPU
		{44F4F35E-8446-4FA9-A825-D974DF5FF290}.Release|x64.Build.0 = Release|Any CPU
		{44F4F35E-8446-4FA9-A825-D974DF5FF290}.Release|x86.ActiveCfg = Release|Any CPU
		{44F4F35E-8446-4FA9-A825-D974DF5FF290}.Release|x86.Build.0 = Release|Any CPU
		{E0CAF5D7-085F-4AFF-94D3-DE80CAFC11F8}.Debug|Any CPU.ActiveCfg = Debug|Any CPU
		{E0CAF5D7-085F-4AFF-94D3-DE80CAFC11F8}.Debug|Any CPU.Build.0 = Debug|Any CPU
		{E0CAF5D7-085F-4AFF-94D3-DE80CAFC11F8}.Debug|x64.ActiveCfg = Debug|Any CPU
		{E0CAF5D7-085F-4AFF-94D3-DE80CAFC11F8}.Debug|x64.Build.0 = Debug|Any CPU
		{E0CAF5D7-085F-4AFF-94D3-DE80CAFC11F8}.Debug|x86.ActiveCfg = Debug|Any CPU
		{E0CAF5D7-085F-4AFF-94D3-DE80CAFC11F8}.Debug|x86.Build.0 = Debug|Any CPU
		{E0CAF5D7-085F-4AFF-94D3-DE80CAFC11F8}.Release|Any CPU.ActiveCfg = Release|Any CPU
		{E0CAF5D7-085F-4AFF-94D3-DE80CAFC11F8}.Release|Any CPU.Build.0 = Release|Any CPU
		{E0CAF5D7-085F-4AFF-94D3-DE80CAFC11F8}.Release|x64.ActiveCfg = Release|Any CPU
		{E0CAF5D7-085F-4AFF-94D3-DE80CAFC11F8}.Release|x64.Build.0 = Release|Any CPU
		{E0CAF5D7-085F-4AFF-94D3-DE80CAFC11F8}.Release|x86.ActiveCfg = Release|Any CPU
		{E0CAF5D7-085F-4AFF-94D3-DE80CAFC11F8}.Release|x86.Build.0 = Release|Any CPU
		{7FBEC4F4-E3CF-4187-9F69-36C4AADF08BD}.Debug|Any CPU.ActiveCfg = Debug|Any CPU
		{7FBEC4F4-E3CF-4187-9F69-36C4AADF08BD}.Debug|Any CPU.Build.0 = Debug|Any CPU
		{7FBEC4F4-E3CF-4187-9F69-36C4AADF08BD}.Debug|x64.ActiveCfg = Debug|Any CPU
		{7FBEC4F4-E3CF-4187-9F69-36C4AADF08BD}.Debug|x64.Build.0 = Debug|Any CPU
		{7FBEC4F4-E3CF-4187-9F69-36C4AADF08BD}.Debug|x86.ActiveCfg = Debug|Any CPU
		{7FBEC4F4-E3CF-4187-9F69-36C4AADF08BD}.Debug|x86.Build.0 = Debug|Any CPU
		{7FBEC4F4-E3CF-4187-9F69-36C4AADF08BD}.Release|Any CPU.ActiveCfg = Release|Any CPU
		{7FBEC4F4-E3CF-4187-9F69-36C4AADF08BD}.Release|Any CPU.Build.0 = Release|Any CPU
		{7FBEC4F4-E3CF-4187-9F69-36C4AADF08BD}.Release|x64.ActiveCfg = Release|Any CPU
		{7FBEC4F4-E3CF-4187-9F69-36C4AADF08BD}.Release|x64.Build.0 = Release|Any CPU
		{7FBEC4F4-E3CF-4187-9F69-36C4AADF08BD}.Release|x86.ActiveCfg = Release|Any CPU
		{7FBEC4F4-E3CF-4187-9F69-36C4AADF08BD}.Release|x86.Build.0 = Release|Any CPU
		{3547E130-047F-4702-8F28-77CD63623361}.Debug|Any CPU.ActiveCfg = Debug|Any CPU
		{3547E130-047F-4702-8F28-77CD63623361}.Debug|Any CPU.Build.0 = Debug|Any CPU
		{3547E130-047F-4702-8F28-77CD63623361}.Debug|x64.ActiveCfg = Debug|Any CPU
		{3547E130-047F-4702-8F28-77CD63623361}.Debug|x64.Build.0 = Debug|Any CPU
		{3547E130-047F-4702-8F28-77CD63623361}.Debug|x86.ActiveCfg = Debug|Any CPU
		{3547E130-047F-4702-8F28-77CD63623361}.Debug|x86.Build.0 = Debug|Any CPU
		{3547E130-047F-4702-8F28-77CD63623361}.Release|Any CPU.ActiveCfg = Release|Any CPU
		{3547E130-047F-4702-8F28-77CD63623361}.Release|Any CPU.Build.0 = Release|Any CPU
		{3547E130-047F-4702-8F28-77CD63623361}.Release|x64.ActiveCfg = Release|Any CPU
		{3547E130-047F-4702-8F28-77CD63623361}.Release|x64.Build.0 = Release|Any CPU
		{3547E130-047F-4702-8F28-77CD63623361}.Release|x86.ActiveCfg = Release|Any CPU
		{3547E130-047F-4702-8F28-77CD63623361}.Release|x86.Build.0 = Release|Any CPU
		{52F6644E-0C29-47EC-BE65-67AF102B52BE}.Debug|Any CPU.ActiveCfg = Debug|Any CPU
		{52F6644E-0C29-47EC-BE65-67AF102B52BE}.Debug|Any CPU.Build.0 = Debug|Any CPU
		{52F6644E-0C29-47EC-BE65-67AF102B52BE}.Debug|x64.ActiveCfg = Debug|Any CPU
		{52F6644E-0C29-47EC-BE65-67AF102B52BE}.Debug|x64.Build.0 = Debug|Any CPU
		{52F6644E-0C29-47EC-BE65-67AF102B52BE}.Debug|x86.ActiveCfg = Debug|Any CPU
		{52F6644E-0C29-47EC-BE65-67AF102B52BE}.Debug|x86.Build.0 = Debug|Any CPU
		{52F6644E-0C29-47EC-BE65-67AF102B52BE}.Release|Any CPU.ActiveCfg = Release|Any CPU
		{52F6644E-0C29-47EC-BE65-67AF102B52BE}.Release|Any CPU.Build.0 = Release|Any CPU
		{52F6644E-0C29-47EC-BE65-67AF102B52BE}.Release|x64.ActiveCfg = Release|Any CPU
		{52F6644E-0C29-47EC-BE65-67AF102B52BE}.Release|x64.Build.0 = Release|Any CPU
		{52F6644E-0C29-47EC-BE65-67AF102B52BE}.Release|x86.ActiveCfg = Release|Any CPU
		{52F6644E-0C29-47EC-BE65-67AF102B52BE}.Release|x86.Build.0 = Release|Any CPU
		{00E83E1C-1C6C-4A4E-94AC-251B32AF9DF2}.Debug|Any CPU.ActiveCfg = Debug|Any CPU
		{00E83E1C-1C6C-4A4E-94AC-251B32AF9DF2}.Debug|Any CPU.Build.0 = Debug|Any CPU
		{00E83E1C-1C6C-4A4E-94AC-251B32AF9DF2}.Debug|x64.ActiveCfg = Debug|Any CPU
		{00E83E1C-1C6C-4A4E-94AC-251B32AF9DF2}.Debug|x64.Build.0 = Debug|Any CPU
		{00E83E1C-1C6C-4A4E-94AC-251B32AF9DF2}.Debug|x86.ActiveCfg = Debug|Any CPU
		{00E83E1C-1C6C-4A4E-94AC-251B32AF9DF2}.Debug|x86.Build.0 = Debug|Any CPU
		{00E83E1C-1C6C-4A4E-94AC-251B32AF9DF2}.Release|Any CPU.ActiveCfg = Release|Any CPU
		{00E83E1C-1C6C-4A4E-94AC-251B32AF9DF2}.Release|Any CPU.Build.0 = Release|Any CPU
		{00E83E1C-1C6C-4A4E-94AC-251B32AF9DF2}.Release|x64.ActiveCfg = Release|Any CPU
		{00E83E1C-1C6C-4A4E-94AC-251B32AF9DF2}.Release|x64.Build.0 = Release|Any CPU
		{00E83E1C-1C6C-4A4E-94AC-251B32AF9DF2}.Release|x86.ActiveCfg = Release|Any CPU
		{00E83E1C-1C6C-4A4E-94AC-251B32AF9DF2}.Release|x86.Build.0 = Release|Any CPU
		{A426A69E-8181-4945-9D2B-9587D773C684}.Debug|Any CPU.ActiveCfg = Debug|Any CPU
		{A426A69E-8181-4945-9D2B-9587D773C684}.Debug|Any CPU.Build.0 = Debug|Any CPU
		{A426A69E-8181-4945-9D2B-9587D773C684}.Debug|x64.ActiveCfg = Debug|Any CPU
		{A426A69E-8181-4945-9D2B-9587D773C684}.Debug|x64.Build.0 = Debug|Any CPU
		{A426A69E-8181-4945-9D2B-9587D773C684}.Debug|x86.ActiveCfg = Debug|Any CPU
		{A426A69E-8181-4945-9D2B-9587D773C684}.Debug|x86.Build.0 = Debug|Any CPU
		{A426A69E-8181-4945-9D2B-9587D773C684}.Release|Any CPU.ActiveCfg = Release|Any CPU
		{A426A69E-8181-4945-9D2B-9587D773C684}.Release|Any CPU.Build.0 = Release|Any CPU
		{A426A69E-8181-4945-9D2B-9587D773C684}.Release|x64.ActiveCfg = Release|Any CPU
		{A426A69E-8181-4945-9D2B-9587D773C684}.Release|x64.Build.0 = Release|Any CPU
		{A426A69E-8181-4945-9D2B-9587D773C684}.Release|x86.ActiveCfg = Release|Any CPU
		{A426A69E-8181-4945-9D2B-9587D773C684}.Release|x86.Build.0 = Release|Any CPU
		{70B4C488-FA87-48EC-97DA-9E2AD0189409}.Debug|Any CPU.ActiveCfg = Debug|Any CPU
		{70B4C488-FA87-48EC-97DA-9E2AD0189409}.Debug|Any CPU.Build.0 = Debug|Any CPU
		{70B4C488-FA87-48EC-97DA-9E2AD0189409}.Debug|x64.ActiveCfg = Debug|Any CPU
		{70B4C488-FA87-48EC-97DA-9E2AD0189409}.Debug|x64.Build.0 = Debug|Any CPU
		{70B4C488-FA87-48EC-97DA-9E2AD0189409}.Debug|x86.ActiveCfg = Debug|Any CPU
		{70B4C488-FA87-48EC-97DA-9E2AD0189409}.Debug|x86.Build.0 = Debug|Any CPU
		{70B4C488-FA87-48EC-97DA-9E2AD0189409}.Release|Any CPU.ActiveCfg = Release|Any CPU
		{70B4C488-FA87-48EC-97DA-9E2AD0189409}.Release|Any CPU.Build.0 = Release|Any CPU
		{70B4C488-FA87-48EC-97DA-9E2AD0189409}.Release|x64.ActiveCfg = Release|Any CPU
		{70B4C488-FA87-48EC-97DA-9E2AD0189409}.Release|x64.Build.0 = Release|Any CPU
		{70B4C488-FA87-48EC-97DA-9E2AD0189409}.Release|x86.ActiveCfg = Release|Any CPU
		{70B4C488-FA87-48EC-97DA-9E2AD0189409}.Release|x86.Build.0 = Release|Any CPU
		{B0DCE792-C5F3-4739-96BA-490A8135503C}.Debug|Any CPU.ActiveCfg = Debug|Any CPU
		{B0DCE792-C5F3-4739-96BA-490A8135503C}.Debug|Any CPU.Build.0 = Debug|Any CPU
		{B0DCE792-C5F3-4739-96BA-490A8135503C}.Debug|x64.ActiveCfg = Debug|Any CPU
		{B0DCE792-C5F3-4739-96BA-490A8135503C}.Debug|x64.Build.0 = Debug|Any CPU
		{B0DCE792-C5F3-4739-96BA-490A8135503C}.Debug|x86.ActiveCfg = Debug|Any CPU
		{B0DCE792-C5F3-4739-96BA-490A8135503C}.Debug|x86.Build.0 = Debug|Any CPU
		{B0DCE792-C5F3-4739-96BA-490A8135503C}.Release|Any CPU.ActiveCfg = Release|Any CPU
		{B0DCE792-C5F3-4739-96BA-490A8135503C}.Release|Any CPU.Build.0 = Release|Any CPU
		{B0DCE792-C5F3-4739-96BA-490A8135503C}.Release|x64.ActiveCfg = Release|Any CPU
		{B0DCE792-C5F3-4739-96BA-490A8135503C}.Release|x64.Build.0 = Release|Any CPU
		{B0DCE792-C5F3-4739-96BA-490A8135503C}.Release|x86.ActiveCfg = Release|Any CPU
		{B0DCE792-C5F3-4739-96BA-490A8135503C}.Release|x86.Build.0 = Release|Any CPU
		{3371B195-82C0-4B13-993E-0F8D48554A65}.Debug|Any CPU.ActiveCfg = Debug|Any CPU
		{3371B195-82C0-4B13-993E-0F8D48554A65}.Debug|Any CPU.Build.0 = Debug|Any CPU
		{3371B195-82C0-4B13-993E-0F8D48554A65}.Debug|x64.ActiveCfg = Debug|Any CPU
		{3371B195-82C0-4B13-993E-0F8D48554A65}.Debug|x64.Build.0 = Debug|Any CPU
		{3371B195-82C0-4B13-993E-0F8D48554A65}.Debug|x86.ActiveCfg = Debug|Any CPU
		{3371B195-82C0-4B13-993E-0F8D48554A65}.Debug|x86.Build.0 = Debug|Any CPU
		{3371B195-82C0-4B13-993E-0F8D48554A65}.Release|Any CPU.ActiveCfg = Release|Any CPU
		{3371B195-82C0-4B13-993E-0F8D48554A65}.Release|Any CPU.Build.0 = Release|Any CPU
		{3371B195-82C0-4B13-993E-0F8D48554A65}.Release|x64.ActiveCfg = Release|Any CPU
		{3371B195-82C0-4B13-993E-0F8D48554A65}.Release|x64.Build.0 = Release|Any CPU
		{3371B195-82C0-4B13-993E-0F8D48554A65}.Release|x86.ActiveCfg = Release|Any CPU
		{3371B195-82C0-4B13-993E-0F8D48554A65}.Release|x86.Build.0 = Release|Any CPU
		{9B63E217-66B1-4908-942E-0B24FE58DD4D}.Debug|Any CPU.ActiveCfg = Debug|Any CPU
		{9B63E217-66B1-4908-942E-0B24FE58DD4D}.Debug|Any CPU.Build.0 = Debug|Any CPU
		{9B63E217-66B1-4908-942E-0B24FE58DD4D}.Debug|x64.ActiveCfg = Debug|Any CPU
		{9B63E217-66B1-4908-942E-0B24FE58DD4D}.Debug|x64.Build.0 = Debug|Any CPU
		{9B63E217-66B1-4908-942E-0B24FE58DD4D}.Debug|x86.ActiveCfg = Debug|Any CPU
		{9B63E217-66B1-4908-942E-0B24FE58DD4D}.Debug|x86.Build.0 = Debug|Any CPU
		{9B63E217-66B1-4908-942E-0B24FE58DD4D}.Release|Any CPU.ActiveCfg = Release|Any CPU
		{9B63E217-66B1-4908-942E-0B24FE58DD4D}.Release|Any CPU.Build.0 = Release|Any CPU
		{9B63E217-66B1-4908-942E-0B24FE58DD4D}.Release|x64.ActiveCfg = Release|Any CPU
		{9B63E217-66B1-4908-942E-0B24FE58DD4D}.Release|x64.Build.0 = Release|Any CPU
		{9B63E217-66B1-4908-942E-0B24FE58DD4D}.Release|x86.ActiveCfg = Release|Any CPU
		{9B63E217-66B1-4908-942E-0B24FE58DD4D}.Release|x86.Build.0 = Release|Any CPU
		{9825E104-1B58-475B-9F10-979812D5F6F0}.Debug|Any CPU.ActiveCfg = Debug|Any CPU
		{9825E104-1B58-475B-9F10-979812D5F6F0}.Debug|Any CPU.Build.0 = Debug|Any CPU
		{9825E104-1B58-475B-9F10-979812D5F6F0}.Debug|x64.ActiveCfg = Debug|Any CPU
		{9825E104-1B58-475B-9F10-979812D5F6F0}.Debug|x64.Build.0 = Debug|Any CPU
		{9825E104-1B58-475B-9F10-979812D5F6F0}.Debug|x86.ActiveCfg = Debug|Any CPU
		{9825E104-1B58-475B-9F10-979812D5F6F0}.Debug|x86.Build.0 = Debug|Any CPU
		{9825E104-1B58-475B-9F10-979812D5F6F0}.Release|Any CPU.ActiveCfg = Release|Any CPU
		{9825E104-1B58-475B-9F10-979812D5F6F0}.Release|Any CPU.Build.0 = Release|Any CPU
		{9825E104-1B58-475B-9F10-979812D5F6F0}.Release|x64.ActiveCfg = Release|Any CPU
		{9825E104-1B58-475B-9F10-979812D5F6F0}.Release|x64.Build.0 = Release|Any CPU
		{9825E104-1B58-475B-9F10-979812D5F6F0}.Release|x86.ActiveCfg = Release|Any CPU
		{9825E104-1B58-475B-9F10-979812D5F6F0}.Release|x86.Build.0 = Release|Any CPU
		{0A6EBB26-ED1C-4E47-B603-3C81C3E2C034}.Debug|Any CPU.ActiveCfg = Debug|Any CPU
		{0A6EBB26-ED1C-4E47-B603-3C81C3E2C034}.Debug|Any CPU.Build.0 = Debug|Any CPU
		{0A6EBB26-ED1C-4E47-B603-3C81C3E2C034}.Debug|x64.ActiveCfg = Debug|Any CPU
		{0A6EBB26-ED1C-4E47-B603-3C81C3E2C034}.Debug|x64.Build.0 = Debug|Any CPU
		{0A6EBB26-ED1C-4E47-B603-3C81C3E2C034}.Debug|x86.ActiveCfg = Debug|Any CPU
		{0A6EBB26-ED1C-4E47-B603-3C81C3E2C034}.Debug|x86.Build.0 = Debug|Any CPU
		{0A6EBB26-ED1C-4E47-B603-3C81C3E2C034}.Release|Any CPU.ActiveCfg = Release|Any CPU
		{0A6EBB26-ED1C-4E47-B603-3C81C3E2C034}.Release|Any CPU.Build.0 = Release|Any CPU
		{0A6EBB26-ED1C-4E47-B603-3C81C3E2C034}.Release|x64.ActiveCfg = Release|Any CPU
		{0A6EBB26-ED1C-4E47-B603-3C81C3E2C034}.Release|x64.Build.0 = Release|Any CPU
		{0A6EBB26-ED1C-4E47-B603-3C81C3E2C034}.Release|x86.ActiveCfg = Release|Any CPU
		{0A6EBB26-ED1C-4E47-B603-3C81C3E2C034}.Release|x86.Build.0 = Release|Any CPU
		{CBCFF06F-D05B-4D2A-AA19-C49192F1024D}.Debug|Any CPU.ActiveCfg = Debug|Any CPU
		{CBCFF06F-D05B-4D2A-AA19-C49192F1024D}.Debug|Any CPU.Build.0 = Debug|Any CPU
		{CBCFF06F-D05B-4D2A-AA19-C49192F1024D}.Debug|x64.ActiveCfg = Debug|Any CPU
		{CBCFF06F-D05B-4D2A-AA19-C49192F1024D}.Debug|x64.Build.0 = Debug|Any CPU
		{CBCFF06F-D05B-4D2A-AA19-C49192F1024D}.Debug|x86.ActiveCfg = Debug|Any CPU
		{CBCFF06F-D05B-4D2A-AA19-C49192F1024D}.Debug|x86.Build.0 = Debug|Any CPU
		{CBCFF06F-D05B-4D2A-AA19-C49192F1024D}.Release|Any CPU.ActiveCfg = Release|Any CPU
		{CBCFF06F-D05B-4D2A-AA19-C49192F1024D}.Release|Any CPU.Build.0 = Release|Any CPU
		{CBCFF06F-D05B-4D2A-AA19-C49192F1024D}.Release|x64.ActiveCfg = Release|Any CPU
		{CBCFF06F-D05B-4D2A-AA19-C49192F1024D}.Release|x64.Build.0 = Release|Any CPU
		{CBCFF06F-D05B-4D2A-AA19-C49192F1024D}.Release|x86.ActiveCfg = Release|Any CPU
		{CBCFF06F-D05B-4D2A-AA19-C49192F1024D}.Release|x86.Build.0 = Release|Any CPU
		{C79D8940-781F-48DE-80EE-BEA86D3BBA48}.Debug|Any CPU.ActiveCfg = Debug|Any CPU
		{C79D8940-781F-48DE-80EE-BEA86D3BBA48}.Debug|Any CPU.Build.0 = Debug|Any CPU
		{C79D8940-781F-48DE-80EE-BEA86D3BBA48}.Debug|x64.ActiveCfg = Debug|Any CPU
		{C79D8940-781F-48DE-80EE-BEA86D3BBA48}.Debug|x64.Build.0 = Debug|Any CPU
		{C79D8940-781F-48DE-80EE-BEA86D3BBA48}.Debug|x86.ActiveCfg = Debug|Any CPU
		{C79D8940-781F-48DE-80EE-BEA86D3BBA48}.Debug|x86.Build.0 = Debug|Any CPU
		{C79D8940-781F-48DE-80EE-BEA86D3BBA48}.Release|Any CPU.ActiveCfg = Release|Any CPU
		{C79D8940-781F-48DE-80EE-BEA86D3BBA48}.Release|Any CPU.Build.0 = Release|Any CPU
		{C79D8940-781F-48DE-80EE-BEA86D3BBA48}.Release|x64.ActiveCfg = Release|Any CPU
		{C79D8940-781F-48DE-80EE-BEA86D3BBA48}.Release|x64.Build.0 = Release|Any CPU
		{C79D8940-781F-48DE-80EE-BEA86D3BBA48}.Release|x86.ActiveCfg = Release|Any CPU
		{C79D8940-781F-48DE-80EE-BEA86D3BBA48}.Release|x86.Build.0 = Release|Any CPU
		{5F871275-08E7-417E-B750-1E4AAAFC2978}.Debug|Any CPU.ActiveCfg = Debug|Any CPU
		{5F871275-08E7-417E-B750-1E4AAAFC2978}.Debug|Any CPU.Build.0 = Debug|Any CPU
		{5F871275-08E7-417E-B750-1E4AAAFC2978}.Debug|x64.ActiveCfg = Debug|Any CPU
		{5F871275-08E7-417E-B750-1E4AAAFC2978}.Debug|x64.Build.0 = Debug|Any CPU
		{5F871275-08E7-417E-B750-1E4AAAFC2978}.Debug|x86.ActiveCfg = Debug|Any CPU
		{5F871275-08E7-417E-B750-1E4AAAFC2978}.Debug|x86.Build.0 = Debug|Any CPU
		{5F871275-08E7-417E-B750-1E4AAAFC2978}.Release|Any CPU.ActiveCfg = Release|Any CPU
		{5F871275-08E7-417E-B750-1E4AAAFC2978}.Release|Any CPU.Build.0 = Release|Any CPU
		{5F871275-08E7-417E-B750-1E4AAAFC2978}.Release|x64.ActiveCfg = Release|Any CPU
		{5F871275-08E7-417E-B750-1E4AAAFC2978}.Release|x64.Build.0 = Release|Any CPU
		{5F871275-08E7-417E-B750-1E4AAAFC2978}.Release|x86.ActiveCfg = Release|Any CPU
		{5F871275-08E7-417E-B750-1E4AAAFC2978}.Release|x86.Build.0 = Release|Any CPU
		{6BD56D2E-CD7C-44A5-8DEC-0F438A233FCB}.Debug|Any CPU.ActiveCfg = Debug|Any CPU
		{6BD56D2E-CD7C-44A5-8DEC-0F438A233FCB}.Debug|Any CPU.Build.0 = Debug|Any CPU
		{6BD56D2E-CD7C-44A5-8DEC-0F438A233FCB}.Debug|x64.ActiveCfg = Debug|Any CPU
		{6BD56D2E-CD7C-44A5-8DEC-0F438A233FCB}.Debug|x64.Build.0 = Debug|Any CPU
		{6BD56D2E-CD7C-44A5-8DEC-0F438A233FCB}.Debug|x86.ActiveCfg = Debug|Any CPU
		{6BD56D2E-CD7C-44A5-8DEC-0F438A233FCB}.Debug|x86.Build.0 = Debug|Any CPU
		{6BD56D2E-CD7C-44A5-8DEC-0F438A233FCB}.Release|Any CPU.ActiveCfg = Release|Any CPU
		{6BD56D2E-CD7C-44A5-8DEC-0F438A233FCB}.Release|Any CPU.Build.0 = Release|Any CPU
		{6BD56D2E-CD7C-44A5-8DEC-0F438A233FCB}.Release|x64.ActiveCfg = Release|Any CPU
		{6BD56D2E-CD7C-44A5-8DEC-0F438A233FCB}.Release|x64.Build.0 = Release|Any CPU
		{6BD56D2E-CD7C-44A5-8DEC-0F438A233FCB}.Release|x86.ActiveCfg = Release|Any CPU
		{6BD56D2E-CD7C-44A5-8DEC-0F438A233FCB}.Release|x86.Build.0 = Release|Any CPU
		{9F06F714-368D-4B76-8774-5FA92B05B4C2}.Debug|Any CPU.ActiveCfg = Debug|Any CPU
		{9F06F714-368D-4B76-8774-5FA92B05B4C2}.Debug|Any CPU.Build.0 = Debug|Any CPU
		{9F06F714-368D-4B76-8774-5FA92B05B4C2}.Debug|x64.ActiveCfg = Debug|Any CPU
		{9F06F714-368D-4B76-8774-5FA92B05B4C2}.Debug|x64.Build.0 = Debug|Any CPU
		{9F06F714-368D-4B76-8774-5FA92B05B4C2}.Debug|x86.ActiveCfg = Debug|Any CPU
		{9F06F714-368D-4B76-8774-5FA92B05B4C2}.Debug|x86.Build.0 = Debug|Any CPU
		{9F06F714-368D-4B76-8774-5FA92B05B4C2}.Release|Any CPU.ActiveCfg = Release|Any CPU
		{9F06F714-368D-4B76-8774-5FA92B05B4C2}.Release|Any CPU.Build.0 = Release|Any CPU
		{9F06F714-368D-4B76-8774-5FA92B05B4C2}.Release|x64.ActiveCfg = Release|Any CPU
		{9F06F714-368D-4B76-8774-5FA92B05B4C2}.Release|x64.Build.0 = Release|Any CPU
		{9F06F714-368D-4B76-8774-5FA92B05B4C2}.Release|x86.ActiveCfg = Release|Any CPU
		{9F06F714-368D-4B76-8774-5FA92B05B4C2}.Release|x86.Build.0 = Release|Any CPU
		{428D11E0-779B-4A96-A846-FEB2BABA1C86}.Debug|Any CPU.ActiveCfg = Debug|Any CPU
		{428D11E0-779B-4A96-A846-FEB2BABA1C86}.Debug|Any CPU.Build.0 = Debug|Any CPU
		{428D11E0-779B-4A96-A846-FEB2BABA1C86}.Debug|x64.ActiveCfg = Debug|Any CPU
		{428D11E0-779B-4A96-A846-FEB2BABA1C86}.Debug|x64.Build.0 = Debug|Any CPU
		{428D11E0-779B-4A96-A846-FEB2BABA1C86}.Debug|x86.ActiveCfg = Debug|Any CPU
		{428D11E0-779B-4A96-A846-FEB2BABA1C86}.Debug|x86.Build.0 = Debug|Any CPU
		{428D11E0-779B-4A96-A846-FEB2BABA1C86}.Release|Any CPU.ActiveCfg = Release|Any CPU
		{428D11E0-779B-4A96-A846-FEB2BABA1C86}.Release|Any CPU.Build.0 = Release|Any CPU
		{428D11E0-779B-4A96-A846-FEB2BABA1C86}.Release|x64.ActiveCfg = Release|Any CPU
		{428D11E0-779B-4A96-A846-FEB2BABA1C86}.Release|x64.Build.0 = Release|Any CPU
		{428D11E0-779B-4A96-A846-FEB2BABA1C86}.Release|x86.ActiveCfg = Release|Any CPU
		{428D11E0-779B-4A96-A846-FEB2BABA1C86}.Release|x86.Build.0 = Release|Any CPU
		{32F0FE89-722A-4660-AAF2-0106CD6757A1}.Debug|Any CPU.ActiveCfg = Debug|Any CPU
		{32F0FE89-722A-4660-AAF2-0106CD6757A1}.Debug|Any CPU.Build.0 = Debug|Any CPU
		{32F0FE89-722A-4660-AAF2-0106CD6757A1}.Debug|x64.ActiveCfg = Debug|Any CPU
		{32F0FE89-722A-4660-AAF2-0106CD6757A1}.Debug|x64.Build.0 = Debug|Any CPU
		{32F0FE89-722A-4660-AAF2-0106CD6757A1}.Debug|x86.ActiveCfg = Debug|Any CPU
		{32F0FE89-722A-4660-AAF2-0106CD6757A1}.Debug|x86.Build.0 = Debug|Any CPU
		{32F0FE89-722A-4660-AAF2-0106CD6757A1}.Release|Any CPU.ActiveCfg = Release|Any CPU
		{32F0FE89-722A-4660-AAF2-0106CD6757A1}.Release|Any CPU.Build.0 = Release|Any CPU
		{32F0FE89-722A-4660-AAF2-0106CD6757A1}.Release|x64.ActiveCfg = Release|Any CPU
		{32F0FE89-722A-4660-AAF2-0106CD6757A1}.Release|x64.Build.0 = Release|Any CPU
		{32F0FE89-722A-4660-AAF2-0106CD6757A1}.Release|x86.ActiveCfg = Release|Any CPU
		{32F0FE89-722A-4660-AAF2-0106CD6757A1}.Release|x86.Build.0 = Release|Any CPU
		{49328370-9D33-4FEF-9903-A0C38197546B}.Debug|Any CPU.ActiveCfg = Debug|Any CPU
		{49328370-9D33-4FEF-9903-A0C38197546B}.Debug|Any CPU.Build.0 = Debug|Any CPU
		{49328370-9D33-4FEF-9903-A0C38197546B}.Debug|x64.ActiveCfg = Debug|Any CPU
		{49328370-9D33-4FEF-9903-A0C38197546B}.Debug|x64.Build.0 = Debug|Any CPU
		{49328370-9D33-4FEF-9903-A0C38197546B}.Debug|x86.ActiveCfg = Debug|Any CPU
		{49328370-9D33-4FEF-9903-A0C38197546B}.Debug|x86.Build.0 = Debug|Any CPU
		{49328370-9D33-4FEF-9903-A0C38197546B}.Release|Any CPU.ActiveCfg = Release|Any CPU
		{49328370-9D33-4FEF-9903-A0C38197546B}.Release|Any CPU.Build.0 = Release|Any CPU
		{49328370-9D33-4FEF-9903-A0C38197546B}.Release|x64.ActiveCfg = Release|Any CPU
		{49328370-9D33-4FEF-9903-A0C38197546B}.Release|x64.Build.0 = Release|Any CPU
		{49328370-9D33-4FEF-9903-A0C38197546B}.Release|x86.ActiveCfg = Release|Any CPU
		{49328370-9D33-4FEF-9903-A0C38197546B}.Release|x86.Build.0 = Release|Any CPU
		{163744B3-4565-4AC6-BF25-30DED1F4CEB2}.Debug|Any CPU.ActiveCfg = Debug|Any CPU
		{163744B3-4565-4AC6-BF25-30DED1F4CEB2}.Debug|Any CPU.Build.0 = Debug|Any CPU
		{163744B3-4565-4AC6-BF25-30DED1F4CEB2}.Debug|x64.ActiveCfg = Debug|Any CPU
		{163744B3-4565-4AC6-BF25-30DED1F4CEB2}.Debug|x64.Build.0 = Debug|Any CPU
		{163744B3-4565-4AC6-BF25-30DED1F4CEB2}.Debug|x86.ActiveCfg = Debug|Any CPU
		{163744B3-4565-4AC6-BF25-30DED1F4CEB2}.Debug|x86.Build.0 = Debug|Any CPU
		{163744B3-4565-4AC6-BF25-30DED1F4CEB2}.Release|Any CPU.ActiveCfg = Release|Any CPU
		{163744B3-4565-4AC6-BF25-30DED1F4CEB2}.Release|Any CPU.Build.0 = Release|Any CPU
		{163744B3-4565-4AC6-BF25-30DED1F4CEB2}.Release|x64.ActiveCfg = Release|Any CPU
		{163744B3-4565-4AC6-BF25-30DED1F4CEB2}.Release|x64.Build.0 = Release|Any CPU
		{163744B3-4565-4AC6-BF25-30DED1F4CEB2}.Release|x86.ActiveCfg = Release|Any CPU
		{163744B3-4565-4AC6-BF25-30DED1F4CEB2}.Release|x86.Build.0 = Release|Any CPU
		{846971AB-1E3C-404F-B935-DE0D84E5F45D}.Debug|Any CPU.ActiveCfg = Debug|Any CPU
		{846971AB-1E3C-404F-B935-DE0D84E5F45D}.Debug|Any CPU.Build.0 = Debug|Any CPU
		{846971AB-1E3C-404F-B935-DE0D84E5F45D}.Debug|x64.ActiveCfg = Debug|Any CPU
		{846971AB-1E3C-404F-B935-DE0D84E5F45D}.Debug|x64.Build.0 = Debug|Any CPU
		{846971AB-1E3C-404F-B935-DE0D84E5F45D}.Debug|x86.ActiveCfg = Debug|Any CPU
		{846971AB-1E3C-404F-B935-DE0D84E5F45D}.Debug|x86.Build.0 = Debug|Any CPU
		{846971AB-1E3C-404F-B935-DE0D84E5F45D}.Release|Any CPU.ActiveCfg = Release|Any CPU
		{846971AB-1E3C-404F-B935-DE0D84E5F45D}.Release|Any CPU.Build.0 = Release|Any CPU
		{846971AB-1E3C-404F-B935-DE0D84E5F45D}.Release|x64.ActiveCfg = Release|Any CPU
		{846971AB-1E3C-404F-B935-DE0D84E5F45D}.Release|x64.Build.0 = Release|Any CPU
		{846971AB-1E3C-404F-B935-DE0D84E5F45D}.Release|x86.ActiveCfg = Release|Any CPU
		{846971AB-1E3C-404F-B935-DE0D84E5F45D}.Release|x86.Build.0 = Release|Any CPU
		{9CC8CA15-72B5-4B82-A68D-FA87610C1C71}.Debug|Any CPU.ActiveCfg = Debug|Any CPU
		{9CC8CA15-72B5-4B82-A68D-FA87610C1C71}.Debug|Any CPU.Build.0 = Debug|Any CPU
		{9CC8CA15-72B5-4B82-A68D-FA87610C1C71}.Debug|x64.ActiveCfg = Debug|Any CPU
		{9CC8CA15-72B5-4B82-A68D-FA87610C1C71}.Debug|x64.Build.0 = Debug|Any CPU
		{9CC8CA15-72B5-4B82-A68D-FA87610C1C71}.Debug|x86.ActiveCfg = Debug|Any CPU
		{9CC8CA15-72B5-4B82-A68D-FA87610C1C71}.Debug|x86.Build.0 = Debug|Any CPU
		{9CC8CA15-72B5-4B82-A68D-FA87610C1C71}.Release|Any CPU.ActiveCfg = Release|Any CPU
		{9CC8CA15-72B5-4B82-A68D-FA87610C1C71}.Release|Any CPU.Build.0 = Release|Any CPU
		{9CC8CA15-72B5-4B82-A68D-FA87610C1C71}.Release|x64.ActiveCfg = Release|Any CPU
		{9CC8CA15-72B5-4B82-A68D-FA87610C1C71}.Release|x64.Build.0 = Release|Any CPU
		{9CC8CA15-72B5-4B82-A68D-FA87610C1C71}.Release|x86.ActiveCfg = Release|Any CPU
		{9CC8CA15-72B5-4B82-A68D-FA87610C1C71}.Release|x86.Build.0 = Release|Any CPU
		{07DBB043-E6D6-445B-9C0A-E26DD8C76E61}.Debug|Any CPU.ActiveCfg = Debug|Any CPU
		{07DBB043-E6D6-445B-9C0A-E26DD8C76E61}.Debug|Any CPU.Build.0 = Debug|Any CPU
		{07DBB043-E6D6-445B-9C0A-E26DD8C76E61}.Debug|x64.ActiveCfg = Debug|Any CPU
		{07DBB043-E6D6-445B-9C0A-E26DD8C76E61}.Debug|x64.Build.0 = Debug|Any CPU
		{07DBB043-E6D6-445B-9C0A-E26DD8C76E61}.Debug|x86.ActiveCfg = Debug|Any CPU
		{07DBB043-E6D6-445B-9C0A-E26DD8C76E61}.Debug|x86.Build.0 = Debug|Any CPU
		{07DBB043-E6D6-445B-9C0A-E26DD8C76E61}.Release|Any CPU.ActiveCfg = Release|Any CPU
		{07DBB043-E6D6-445B-9C0A-E26DD8C76E61}.Release|Any CPU.Build.0 = Release|Any CPU
		{07DBB043-E6D6-445B-9C0A-E26DD8C76E61}.Release|x64.ActiveCfg = Release|Any CPU
		{07DBB043-E6D6-445B-9C0A-E26DD8C76E61}.Release|x64.Build.0 = Release|Any CPU
		{07DBB043-E6D6-445B-9C0A-E26DD8C76E61}.Release|x86.ActiveCfg = Release|Any CPU
		{07DBB043-E6D6-445B-9C0A-E26DD8C76E61}.Release|x86.Build.0 = Release|Any CPU
		{70F5C29B-65F5-4CA0-99BD-D3A98155CF78}.Debug|Any CPU.ActiveCfg = Debug|Any CPU
		{70F5C29B-65F5-4CA0-99BD-D3A98155CF78}.Debug|Any CPU.Build.0 = Debug|Any CPU
		{70F5C29B-65F5-4CA0-99BD-D3A98155CF78}.Debug|x64.ActiveCfg = Debug|Any CPU
		{70F5C29B-65F5-4CA0-99BD-D3A98155CF78}.Debug|x64.Build.0 = Debug|Any CPU
		{70F5C29B-65F5-4CA0-99BD-D3A98155CF78}.Debug|x86.ActiveCfg = Debug|Any CPU
		{70F5C29B-65F5-4CA0-99BD-D3A98155CF78}.Debug|x86.Build.0 = Debug|Any CPU
		{70F5C29B-65F5-4CA0-99BD-D3A98155CF78}.Release|Any CPU.ActiveCfg = Release|Any CPU
		{70F5C29B-65F5-4CA0-99BD-D3A98155CF78}.Release|Any CPU.Build.0 = Release|Any CPU
		{70F5C29B-65F5-4CA0-99BD-D3A98155CF78}.Release|x64.ActiveCfg = Release|Any CPU
		{70F5C29B-65F5-4CA0-99BD-D3A98155CF78}.Release|x64.Build.0 = Release|Any CPU
		{70F5C29B-65F5-4CA0-99BD-D3A98155CF78}.Release|x86.ActiveCfg = Release|Any CPU
		{70F5C29B-65F5-4CA0-99BD-D3A98155CF78}.Release|x86.Build.0 = Release|Any CPU
		{777D2BF3-8A5D-434D-891D-85C7FFA218D9}.Debug|Any CPU.ActiveCfg = Debug|Any CPU
		{777D2BF3-8A5D-434D-891D-85C7FFA218D9}.Debug|Any CPU.Build.0 = Debug|Any CPU
		{777D2BF3-8A5D-434D-891D-85C7FFA218D9}.Debug|x64.ActiveCfg = Debug|Any CPU
		{777D2BF3-8A5D-434D-891D-85C7FFA218D9}.Debug|x64.Build.0 = Debug|Any CPU
		{777D2BF3-8A5D-434D-891D-85C7FFA218D9}.Debug|x86.ActiveCfg = Debug|Any CPU
		{777D2BF3-8A5D-434D-891D-85C7FFA218D9}.Debug|x86.Build.0 = Debug|Any CPU
		{777D2BF3-8A5D-434D-891D-85C7FFA218D9}.Release|Any CPU.ActiveCfg = Release|Any CPU
		{777D2BF3-8A5D-434D-891D-85C7FFA218D9}.Release|Any CPU.Build.0 = Release|Any CPU
		{777D2BF3-8A5D-434D-891D-85C7FFA218D9}.Release|x64.ActiveCfg = Release|Any CPU
		{777D2BF3-8A5D-434D-891D-85C7FFA218D9}.Release|x64.Build.0 = Release|Any CPU
		{777D2BF3-8A5D-434D-891D-85C7FFA218D9}.Release|x86.ActiveCfg = Release|Any CPU
		{777D2BF3-8A5D-434D-891D-85C7FFA218D9}.Release|x86.Build.0 = Release|Any CPU
		{FD27B2E8-6FC4-4475-8DCD-CEB74C081EEA}.Debug|Any CPU.ActiveCfg = Debug|Any CPU
		{FD27B2E8-6FC4-4475-8DCD-CEB74C081EEA}.Debug|Any CPU.Build.0 = Debug|Any CPU
		{FD27B2E8-6FC4-4475-8DCD-CEB74C081EEA}.Debug|x64.ActiveCfg = Debug|Any CPU
		{FD27B2E8-6FC4-4475-8DCD-CEB74C081EEA}.Debug|x64.Build.0 = Debug|Any CPU
		{FD27B2E8-6FC4-4475-8DCD-CEB74C081EEA}.Debug|x86.ActiveCfg = Debug|Any CPU
		{FD27B2E8-6FC4-4475-8DCD-CEB74C081EEA}.Debug|x86.Build.0 = Debug|Any CPU
		{FD27B2E8-6FC4-4475-8DCD-CEB74C081EEA}.Release|Any CPU.ActiveCfg = Release|Any CPU
		{FD27B2E8-6FC4-4475-8DCD-CEB74C081EEA}.Release|Any CPU.Build.0 = Release|Any CPU
		{FD27B2E8-6FC4-4475-8DCD-CEB74C081EEA}.Release|x64.ActiveCfg = Release|Any CPU
		{FD27B2E8-6FC4-4475-8DCD-CEB74C081EEA}.Release|x64.Build.0 = Release|Any CPU
		{FD27B2E8-6FC4-4475-8DCD-CEB74C081EEA}.Release|x86.ActiveCfg = Release|Any CPU
		{FD27B2E8-6FC4-4475-8DCD-CEB74C081EEA}.Release|x86.Build.0 = Release|Any CPU
		{EE4EA1CA-3A8F-4A80-A1FE-606EEFFEC2AD}.Debug|Any CPU.ActiveCfg = Debug|Any CPU
		{EE4EA1CA-3A8F-4A80-A1FE-606EEFFEC2AD}.Debug|Any CPU.Build.0 = Debug|Any CPU
		{EE4EA1CA-3A8F-4A80-A1FE-606EEFFEC2AD}.Debug|x64.ActiveCfg = Debug|Any CPU
		{EE4EA1CA-3A8F-4A80-A1FE-606EEFFEC2AD}.Debug|x64.Build.0 = Debug|Any CPU
		{EE4EA1CA-3A8F-4A80-A1FE-606EEFFEC2AD}.Debug|x86.ActiveCfg = Debug|Any CPU
		{EE4EA1CA-3A8F-4A80-A1FE-606EEFFEC2AD}.Debug|x86.Build.0 = Debug|Any CPU
		{EE4EA1CA-3A8F-4A80-A1FE-606EEFFEC2AD}.Release|Any CPU.ActiveCfg = Release|Any CPU
		{EE4EA1CA-3A8F-4A80-A1FE-606EEFFEC2AD}.Release|Any CPU.Build.0 = Release|Any CPU
		{EE4EA1CA-3A8F-4A80-A1FE-606EEFFEC2AD}.Release|x64.ActiveCfg = Release|Any CPU
		{EE4EA1CA-3A8F-4A80-A1FE-606EEFFEC2AD}.Release|x64.Build.0 = Release|Any CPU
		{EE4EA1CA-3A8F-4A80-A1FE-606EEFFEC2AD}.Release|x86.ActiveCfg = Release|Any CPU
		{EE4EA1CA-3A8F-4A80-A1FE-606EEFFEC2AD}.Release|x86.Build.0 = Release|Any CPU
		{A9B23EC4-412C-4A48-A5F7-93EF880DACAA}.Debug|Any CPU.ActiveCfg = Debug|Any CPU
		{A9B23EC4-412C-4A48-A5F7-93EF880DACAA}.Debug|Any CPU.Build.0 = Debug|Any CPU
		{A9B23EC4-412C-4A48-A5F7-93EF880DACAA}.Debug|x64.ActiveCfg = Debug|Any CPU
		{A9B23EC4-412C-4A48-A5F7-93EF880DACAA}.Debug|x64.Build.0 = Debug|Any CPU
		{A9B23EC4-412C-4A48-A5F7-93EF880DACAA}.Debug|x86.ActiveCfg = Debug|Any CPU
		{A9B23EC4-412C-4A48-A5F7-93EF880DACAA}.Debug|x86.Build.0 = Debug|Any CPU
		{A9B23EC4-412C-4A48-A5F7-93EF880DACAA}.Release|Any CPU.ActiveCfg = Release|Any CPU
		{A9B23EC4-412C-4A48-A5F7-93EF880DACAA}.Release|Any CPU.Build.0 = Release|Any CPU
		{A9B23EC4-412C-4A48-A5F7-93EF880DACAA}.Release|x64.ActiveCfg = Release|Any CPU
		{A9B23EC4-412C-4A48-A5F7-93EF880DACAA}.Release|x64.Build.0 = Release|Any CPU
		{A9B23EC4-412C-4A48-A5F7-93EF880DACAA}.Release|x86.ActiveCfg = Release|Any CPU
		{A9B23EC4-412C-4A48-A5F7-93EF880DACAA}.Release|x86.Build.0 = Release|Any CPU
		{371E4F55-A0C0-4B6B-A091-55122BAF197A}.Debug|Any CPU.ActiveCfg = Debug|Any CPU
		{371E4F55-A0C0-4B6B-A091-55122BAF197A}.Debug|Any CPU.Build.0 = Debug|Any CPU
		{371E4F55-A0C0-4B6B-A091-55122BAF197A}.Debug|x64.ActiveCfg = Debug|Any CPU
		{371E4F55-A0C0-4B6B-A091-55122BAF197A}.Debug|x64.Build.0 = Debug|Any CPU
		{371E4F55-A0C0-4B6B-A091-55122BAF197A}.Debug|x86.ActiveCfg = Debug|Any CPU
		{371E4F55-A0C0-4B6B-A091-55122BAF197A}.Debug|x86.Build.0 = Debug|Any CPU
		{371E4F55-A0C0-4B6B-A091-55122BAF197A}.Release|Any CPU.ActiveCfg = Release|Any CPU
		{371E4F55-A0C0-4B6B-A091-55122BAF197A}.Release|Any CPU.Build.0 = Release|Any CPU
		{371E4F55-A0C0-4B6B-A091-55122BAF197A}.Release|x64.ActiveCfg = Release|Any CPU
		{371E4F55-A0C0-4B6B-A091-55122BAF197A}.Release|x64.Build.0 = Release|Any CPU
		{371E4F55-A0C0-4B6B-A091-55122BAF197A}.Release|x86.ActiveCfg = Release|Any CPU
		{371E4F55-A0C0-4B6B-A091-55122BAF197A}.Release|x86.Build.0 = Release|Any CPU
		{BBDED5EC-EEA4-4DDE-82B3-9AEC0718C4E1}.Debug|Any CPU.ActiveCfg = Debug|Any CPU
		{BBDED5EC-EEA4-4DDE-82B3-9AEC0718C4E1}.Debug|Any CPU.Build.0 = Debug|Any CPU
		{BBDED5EC-EEA4-4DDE-82B3-9AEC0718C4E1}.Debug|x64.ActiveCfg = Debug|Any CPU
		{BBDED5EC-EEA4-4DDE-82B3-9AEC0718C4E1}.Debug|x64.Build.0 = Debug|Any CPU
		{BBDED5EC-EEA4-4DDE-82B3-9AEC0718C4E1}.Debug|x86.ActiveCfg = Debug|Any CPU
		{BBDED5EC-EEA4-4DDE-82B3-9AEC0718C4E1}.Debug|x86.Build.0 = Debug|Any CPU
		{BBDED5EC-EEA4-4DDE-82B3-9AEC0718C4E1}.Release|Any CPU.ActiveCfg = Release|Any CPU
		{BBDED5EC-EEA4-4DDE-82B3-9AEC0718C4E1}.Release|Any CPU.Build.0 = Release|Any CPU
		{BBDED5EC-EEA4-4DDE-82B3-9AEC0718C4E1}.Release|x64.ActiveCfg = Release|Any CPU
		{BBDED5EC-EEA4-4DDE-82B3-9AEC0718C4E1}.Release|x64.Build.0 = Release|Any CPU
		{BBDED5EC-EEA4-4DDE-82B3-9AEC0718C4E1}.Release|x86.ActiveCfg = Release|Any CPU
		{BBDED5EC-EEA4-4DDE-82B3-9AEC0718C4E1}.Release|x86.Build.0 = Release|Any CPU
		{3BA833DE-1396-4EFD-93CE-4CBA7741C73E}.Debug|Any CPU.ActiveCfg = Debug|Any CPU
		{3BA833DE-1396-4EFD-93CE-4CBA7741C73E}.Debug|Any CPU.Build.0 = Debug|Any CPU
		{3BA833DE-1396-4EFD-93CE-4CBA7741C73E}.Debug|x64.ActiveCfg = Debug|Any CPU
		{3BA833DE-1396-4EFD-93CE-4CBA7741C73E}.Debug|x64.Build.0 = Debug|Any CPU
		{3BA833DE-1396-4EFD-93CE-4CBA7741C73E}.Debug|x86.ActiveCfg = Debug|Any CPU
		{3BA833DE-1396-4EFD-93CE-4CBA7741C73E}.Debug|x86.Build.0 = Debug|Any CPU
		{3BA833DE-1396-4EFD-93CE-4CBA7741C73E}.Release|Any CPU.ActiveCfg = Release|Any CPU
		{3BA833DE-1396-4EFD-93CE-4CBA7741C73E}.Release|Any CPU.Build.0 = Release|Any CPU
		{3BA833DE-1396-4EFD-93CE-4CBA7741C73E}.Release|x64.ActiveCfg = Release|Any CPU
		{3BA833DE-1396-4EFD-93CE-4CBA7741C73E}.Release|x64.Build.0 = Release|Any CPU
		{3BA833DE-1396-4EFD-93CE-4CBA7741C73E}.Release|x86.ActiveCfg = Release|Any CPU
		{3BA833DE-1396-4EFD-93CE-4CBA7741C73E}.Release|x86.Build.0 = Release|Any CPU
		{42894328-4E10-4A88-BB4B-6B2CB93121DE}.Debug|Any CPU.ActiveCfg = Debug|Any CPU
		{42894328-4E10-4A88-BB4B-6B2CB93121DE}.Debug|Any CPU.Build.0 = Debug|Any CPU
		{42894328-4E10-4A88-BB4B-6B2CB93121DE}.Debug|x64.ActiveCfg = Debug|Any CPU
		{42894328-4E10-4A88-BB4B-6B2CB93121DE}.Debug|x64.Build.0 = Debug|Any CPU
		{42894328-4E10-4A88-BB4B-6B2CB93121DE}.Debug|x86.ActiveCfg = Debug|Any CPU
		{42894328-4E10-4A88-BB4B-6B2CB93121DE}.Debug|x86.Build.0 = Debug|Any CPU
		{42894328-4E10-4A88-BB4B-6B2CB93121DE}.Release|Any CPU.ActiveCfg = Release|Any CPU
		{42894328-4E10-4A88-BB4B-6B2CB93121DE}.Release|Any CPU.Build.0 = Release|Any CPU
		{42894328-4E10-4A88-BB4B-6B2CB93121DE}.Release|x64.ActiveCfg = Release|Any CPU
		{42894328-4E10-4A88-BB4B-6B2CB93121DE}.Release|x64.Build.0 = Release|Any CPU
		{42894328-4E10-4A88-BB4B-6B2CB93121DE}.Release|x86.ActiveCfg = Release|Any CPU
		{42894328-4E10-4A88-BB4B-6B2CB93121DE}.Release|x86.Build.0 = Release|Any CPU
		{26E4D7DA-4E55-4EBA-A2CD-B78CDF863204}.Debug|Any CPU.ActiveCfg = Debug|Any CPU
		{26E4D7DA-4E55-4EBA-A2CD-B78CDF863204}.Debug|Any CPU.Build.0 = Debug|Any CPU
		{26E4D7DA-4E55-4EBA-A2CD-B78CDF863204}.Debug|x64.ActiveCfg = Debug|Any CPU
		{26E4D7DA-4E55-4EBA-A2CD-B78CDF863204}.Debug|x64.Build.0 = Debug|Any CPU
		{26E4D7DA-4E55-4EBA-A2CD-B78CDF863204}.Debug|x86.ActiveCfg = Debug|Any CPU
		{26E4D7DA-4E55-4EBA-A2CD-B78CDF863204}.Debug|x86.Build.0 = Debug|Any CPU
		{26E4D7DA-4E55-4EBA-A2CD-B78CDF863204}.Release|Any CPU.ActiveCfg = Release|Any CPU
		{26E4D7DA-4E55-4EBA-A2CD-B78CDF863204}.Release|Any CPU.Build.0 = Release|Any CPU
		{26E4D7DA-4E55-4EBA-A2CD-B78CDF863204}.Release|x64.ActiveCfg = Release|Any CPU
		{26E4D7DA-4E55-4EBA-A2CD-B78CDF863204}.Release|x64.Build.0 = Release|Any CPU
		{26E4D7DA-4E55-4EBA-A2CD-B78CDF863204}.Release|x86.ActiveCfg = Release|Any CPU
		{26E4D7DA-4E55-4EBA-A2CD-B78CDF863204}.Release|x86.Build.0 = Release|Any CPU
		{2250809E-2E22-4261-A93E-98EF776AED36}.Debug|Any CPU.ActiveCfg = Debug|Any CPU
		{2250809E-2E22-4261-A93E-98EF776AED36}.Debug|Any CPU.Build.0 = Debug|Any CPU
		{2250809E-2E22-4261-A93E-98EF776AED36}.Debug|x64.ActiveCfg = Debug|x64
		{2250809E-2E22-4261-A93E-98EF776AED36}.Debug|x64.Build.0 = Debug|x64
		{2250809E-2E22-4261-A93E-98EF776AED36}.Debug|x86.ActiveCfg = Debug|Any CPU
		{2250809E-2E22-4261-A93E-98EF776AED36}.Debug|x86.Build.0 = Debug|Any CPU
		{2250809E-2E22-4261-A93E-98EF776AED36}.Release|Any CPU.ActiveCfg = Release|Any CPU
		{2250809E-2E22-4261-A93E-98EF776AED36}.Release|Any CPU.Build.0 = Release|Any CPU
		{2250809E-2E22-4261-A93E-98EF776AED36}.Release|x64.ActiveCfg = Release|x64
		{2250809E-2E22-4261-A93E-98EF776AED36}.Release|x64.Build.0 = Release|x64
		{2250809E-2E22-4261-A93E-98EF776AED36}.Release|x86.ActiveCfg = Release|Any CPU
		{2250809E-2E22-4261-A93E-98EF776AED36}.Release|x86.Build.0 = Release|Any CPU
		{695A262C-B8BC-414E-A954-AC5F5844B8F3}.Debug|Any CPU.ActiveCfg = Debug|Any CPU
		{695A262C-B8BC-414E-A954-AC5F5844B8F3}.Debug|Any CPU.Build.0 = Debug|Any CPU
		{695A262C-B8BC-414E-A954-AC5F5844B8F3}.Debug|x64.ActiveCfg = Debug|Any CPU
		{695A262C-B8BC-414E-A954-AC5F5844B8F3}.Debug|x64.Build.0 = Debug|Any CPU
		{695A262C-B8BC-414E-A954-AC5F5844B8F3}.Debug|x86.ActiveCfg = Debug|Any CPU
		{695A262C-B8BC-414E-A954-AC5F5844B8F3}.Debug|x86.Build.0 = Debug|Any CPU
		{695A262C-B8BC-414E-A954-AC5F5844B8F3}.Release|Any CPU.ActiveCfg = Release|Any CPU
		{695A262C-B8BC-414E-A954-AC5F5844B8F3}.Release|Any CPU.Build.0 = Release|Any CPU
		{695A262C-B8BC-414E-A954-AC5F5844B8F3}.Release|x64.ActiveCfg = Release|Any CPU
		{695A262C-B8BC-414E-A954-AC5F5844B8F3}.Release|x64.Build.0 = Release|Any CPU
		{695A262C-B8BC-414E-A954-AC5F5844B8F3}.Release|x86.ActiveCfg = Release|Any CPU
		{695A262C-B8BC-414E-A954-AC5F5844B8F3}.Release|x86.Build.0 = Release|Any CPU
		{060C06E9-9C76-40FB-A7FD-24DC5478E19B}.Debug|Any CPU.ActiveCfg = Debug|Any CPU
		{060C06E9-9C76-40FB-A7FD-24DC5478E19B}.Debug|Any CPU.Build.0 = Debug|Any CPU
		{060C06E9-9C76-40FB-A7FD-24DC5478E19B}.Debug|x64.ActiveCfg = Debug|Any CPU
		{060C06E9-9C76-40FB-A7FD-24DC5478E19B}.Debug|x64.Build.0 = Debug|Any CPU
		{060C06E9-9C76-40FB-A7FD-24DC5478E19B}.Debug|x86.ActiveCfg = Debug|Any CPU
		{060C06E9-9C76-40FB-A7FD-24DC5478E19B}.Debug|x86.Build.0 = Debug|Any CPU
		{060C06E9-9C76-40FB-A7FD-24DC5478E19B}.Release|Any CPU.ActiveCfg = Release|Any CPU
		{060C06E9-9C76-40FB-A7FD-24DC5478E19B}.Release|Any CPU.Build.0 = Release|Any CPU
		{060C06E9-9C76-40FB-A7FD-24DC5478E19B}.Release|x64.ActiveCfg = Release|Any CPU
		{060C06E9-9C76-40FB-A7FD-24DC5478E19B}.Release|x64.Build.0 = Release|Any CPU
		{060C06E9-9C76-40FB-A7FD-24DC5478E19B}.Release|x86.ActiveCfg = Release|Any CPU
		{060C06E9-9C76-40FB-A7FD-24DC5478E19B}.Release|x86.Build.0 = Release|Any CPU
		{61318857-EAE5-4C8C-B32C-96898213C290}.Debug|Any CPU.ActiveCfg = Debug|Any CPU
		{61318857-EAE5-4C8C-B32C-96898213C290}.Debug|Any CPU.Build.0 = Debug|Any CPU
		{61318857-EAE5-4C8C-B32C-96898213C290}.Debug|x64.ActiveCfg = Debug|Any CPU
		{61318857-EAE5-4C8C-B32C-96898213C290}.Debug|x64.Build.0 = Debug|Any CPU
		{61318857-EAE5-4C8C-B32C-96898213C290}.Debug|x86.ActiveCfg = Debug|Any CPU
		{61318857-EAE5-4C8C-B32C-96898213C290}.Debug|x86.Build.0 = Debug|Any CPU
		{61318857-EAE5-4C8C-B32C-96898213C290}.Release|Any CPU.ActiveCfg = Release|Any CPU
		{61318857-EAE5-4C8C-B32C-96898213C290}.Release|Any CPU.Build.0 = Release|Any CPU
		{61318857-EAE5-4C8C-B32C-96898213C290}.Release|x64.ActiveCfg = Release|Any CPU
		{61318857-EAE5-4C8C-B32C-96898213C290}.Release|x64.Build.0 = Release|Any CPU
		{61318857-EAE5-4C8C-B32C-96898213C290}.Release|x86.ActiveCfg = Release|Any CPU
		{61318857-EAE5-4C8C-B32C-96898213C290}.Release|x86.Build.0 = Release|Any CPU
		{1EA6E89D-D5F7-454F-B9D4-27C2F69CE66B}.Debug|Any CPU.ActiveCfg = Debug|Any CPU
		{1EA6E89D-D5F7-454F-B9D4-27C2F69CE66B}.Debug|Any CPU.Build.0 = Debug|Any CPU
		{1EA6E89D-D5F7-454F-B9D4-27C2F69CE66B}.Debug|x64.ActiveCfg = Debug|Any CPU
		{1EA6E89D-D5F7-454F-B9D4-27C2F69CE66B}.Debug|x64.Build.0 = Debug|Any CPU
		{1EA6E89D-D5F7-454F-B9D4-27C2F69CE66B}.Debug|x86.ActiveCfg = Debug|Any CPU
		{1EA6E89D-D5F7-454F-B9D4-27C2F69CE66B}.Debug|x86.Build.0 = Debug|Any CPU
		{1EA6E89D-D5F7-454F-B9D4-27C2F69CE66B}.Release|Any CPU.ActiveCfg = Release|Any CPU
		{1EA6E89D-D5F7-454F-B9D4-27C2F69CE66B}.Release|Any CPU.Build.0 = Release|Any CPU
		{1EA6E89D-D5F7-454F-B9D4-27C2F69CE66B}.Release|x64.ActiveCfg = Release|Any CPU
		{1EA6E89D-D5F7-454F-B9D4-27C2F69CE66B}.Release|x64.Build.0 = Release|Any CPU
		{1EA6E89D-D5F7-454F-B9D4-27C2F69CE66B}.Release|x86.ActiveCfg = Release|Any CPU
		{1EA6E89D-D5F7-454F-B9D4-27C2F69CE66B}.Release|x86.Build.0 = Release|Any CPU
		{9306081A-AFE0-460C-B7AD-FAED5643443E}.Debug|Any CPU.ActiveCfg = Debug|Any CPU
		{9306081A-AFE0-460C-B7AD-FAED5643443E}.Debug|Any CPU.Build.0 = Debug|Any CPU
		{9306081A-AFE0-460C-B7AD-FAED5643443E}.Debug|x64.ActiveCfg = Debug|Any CPU
		{9306081A-AFE0-460C-B7AD-FAED5643443E}.Debug|x64.Build.0 = Debug|Any CPU
		{9306081A-AFE0-460C-B7AD-FAED5643443E}.Debug|x86.ActiveCfg = Debug|Any CPU
		{9306081A-AFE0-460C-B7AD-FAED5643443E}.Debug|x86.Build.0 = Debug|Any CPU
		{9306081A-AFE0-460C-B7AD-FAED5643443E}.Release|Any CPU.ActiveCfg = Release|Any CPU
		{9306081A-AFE0-460C-B7AD-FAED5643443E}.Release|Any CPU.Build.0 = Release|Any CPU
		{9306081A-AFE0-460C-B7AD-FAED5643443E}.Release|x64.ActiveCfg = Release|Any CPU
		{9306081A-AFE0-460C-B7AD-FAED5643443E}.Release|x64.Build.0 = Release|Any CPU
		{9306081A-AFE0-460C-B7AD-FAED5643443E}.Release|x86.ActiveCfg = Release|Any CPU
		{9306081A-AFE0-460C-B7AD-FAED5643443E}.Release|x86.Build.0 = Release|Any CPU
		{8145CE2F-2615-4C68-B992-2216A1C705B7}.Debug|Any CPU.ActiveCfg = Debug|Any CPU
		{8145CE2F-2615-4C68-B992-2216A1C705B7}.Debug|Any CPU.Build.0 = Debug|Any CPU
		{8145CE2F-2615-4C68-B992-2216A1C705B7}.Debug|x64.ActiveCfg = Debug|Any CPU
		{8145CE2F-2615-4C68-B992-2216A1C705B7}.Debug|x64.Build.0 = Debug|Any CPU
		{8145CE2F-2615-4C68-B992-2216A1C705B7}.Debug|x86.ActiveCfg = Debug|Any CPU
		{8145CE2F-2615-4C68-B992-2216A1C705B7}.Debug|x86.Build.0 = Debug|Any CPU
		{8145CE2F-2615-4C68-B992-2216A1C705B7}.Release|Any CPU.ActiveCfg = Release|Any CPU
		{8145CE2F-2615-4C68-B992-2216A1C705B7}.Release|Any CPU.Build.0 = Release|Any CPU
		{8145CE2F-2615-4C68-B992-2216A1C705B7}.Release|x64.ActiveCfg = Release|Any CPU
		{8145CE2F-2615-4C68-B992-2216A1C705B7}.Release|x64.Build.0 = Release|Any CPU
		{8145CE2F-2615-4C68-B992-2216A1C705B7}.Release|x86.ActiveCfg = Release|Any CPU
		{8145CE2F-2615-4C68-B992-2216A1C705B7}.Release|x86.Build.0 = Release|Any CPU
		{1644AEDB-5189-4362-A1B9-90187B57E0DA}.Debug|Any CPU.ActiveCfg = Debug|Any CPU
		{1644AEDB-5189-4362-A1B9-90187B57E0DA}.Debug|Any CPU.Build.0 = Debug|Any CPU
		{1644AEDB-5189-4362-A1B9-90187B57E0DA}.Debug|x64.ActiveCfg = Debug|Any CPU
		{1644AEDB-5189-4362-A1B9-90187B57E0DA}.Debug|x64.Build.0 = Debug|Any CPU
		{1644AEDB-5189-4362-A1B9-90187B57E0DA}.Debug|x86.ActiveCfg = Debug|Any CPU
		{1644AEDB-5189-4362-A1B9-90187B57E0DA}.Debug|x86.Build.0 = Debug|Any CPU
		{1644AEDB-5189-4362-A1B9-90187B57E0DA}.Release|Any CPU.ActiveCfg = Release|Any CPU
		{1644AEDB-5189-4362-A1B9-90187B57E0DA}.Release|Any CPU.Build.0 = Release|Any CPU
		{1644AEDB-5189-4362-A1B9-90187B57E0DA}.Release|x64.ActiveCfg = Release|Any CPU
		{1644AEDB-5189-4362-A1B9-90187B57E0DA}.Release|x64.Build.0 = Release|Any CPU
		{1644AEDB-5189-4362-A1B9-90187B57E0DA}.Release|x86.ActiveCfg = Release|Any CPU
		{1644AEDB-5189-4362-A1B9-90187B57E0DA}.Release|x86.Build.0 = Release|Any CPU
		{C050A480-6036-44F9-939C-A2B7BA88810B}.Debug|Any CPU.ActiveCfg = Debug|Any CPU
		{C050A480-6036-44F9-939C-A2B7BA88810B}.Debug|Any CPU.Build.0 = Debug|Any CPU
		{C050A480-6036-44F9-939C-A2B7BA88810B}.Debug|x64.ActiveCfg = Debug|Any CPU
		{C050A480-6036-44F9-939C-A2B7BA88810B}.Debug|x64.Build.0 = Debug|Any CPU
		{C050A480-6036-44F9-939C-A2B7BA88810B}.Debug|x86.ActiveCfg = Debug|Any CPU
		{C050A480-6036-44F9-939C-A2B7BA88810B}.Debug|x86.Build.0 = Debug|Any CPU
		{C050A480-6036-44F9-939C-A2B7BA88810B}.Release|Any CPU.ActiveCfg = Release|Any CPU
		{C050A480-6036-44F9-939C-A2B7BA88810B}.Release|Any CPU.Build.0 = Release|Any CPU
		{C050A480-6036-44F9-939C-A2B7BA88810B}.Release|x64.ActiveCfg = Release|Any CPU
		{C050A480-6036-44F9-939C-A2B7BA88810B}.Release|x64.Build.0 = Release|Any CPU
		{C050A480-6036-44F9-939C-A2B7BA88810B}.Release|x86.ActiveCfg = Release|Any CPU
		{C050A480-6036-44F9-939C-A2B7BA88810B}.Release|x86.Build.0 = Release|Any CPU
		{B84A2A8B-86C4-48E7-8C17-317482E419F1}.Debug|Any CPU.ActiveCfg = Debug|Any CPU
		{B84A2A8B-86C4-48E7-8C17-317482E419F1}.Debug|Any CPU.Build.0 = Debug|Any CPU
		{B84A2A8B-86C4-48E7-8C17-317482E419F1}.Debug|x64.ActiveCfg = Debug|Any CPU
		{B84A2A8B-86C4-48E7-8C17-317482E419F1}.Debug|x64.Build.0 = Debug|Any CPU
		{B84A2A8B-86C4-48E7-8C17-317482E419F1}.Debug|x86.ActiveCfg = Debug|Any CPU
		{B84A2A8B-86C4-48E7-8C17-317482E419F1}.Debug|x86.Build.0 = Debug|Any CPU
		{B84A2A8B-86C4-48E7-8C17-317482E419F1}.Release|Any CPU.ActiveCfg = Release|Any CPU
		{B84A2A8B-86C4-48E7-8C17-317482E419F1}.Release|Any CPU.Build.0 = Release|Any CPU
		{B84A2A8B-86C4-48E7-8C17-317482E419F1}.Release|x64.ActiveCfg = Release|Any CPU
		{B84A2A8B-86C4-48E7-8C17-317482E419F1}.Release|x64.Build.0 = Release|Any CPU
		{B84A2A8B-86C4-48E7-8C17-317482E419F1}.Release|x86.ActiveCfg = Release|Any CPU
		{B84A2A8B-86C4-48E7-8C17-317482E419F1}.Release|x86.Build.0 = Release|Any CPU
		{70D8B428-B7C1-476F-A14C-CE382076A590}.Debug|Any CPU.ActiveCfg = Debug|Any CPU
		{70D8B428-B7C1-476F-A14C-CE382076A590}.Debug|Any CPU.Build.0 = Debug|Any CPU
		{70D8B428-B7C1-476F-A14C-CE382076A590}.Debug|x64.ActiveCfg = Debug|Any CPU
		{70D8B428-B7C1-476F-A14C-CE382076A590}.Debug|x64.Build.0 = Debug|Any CPU
		{70D8B428-B7C1-476F-A14C-CE382076A590}.Debug|x86.ActiveCfg = Debug|Any CPU
		{70D8B428-B7C1-476F-A14C-CE382076A590}.Debug|x86.Build.0 = Debug|Any CPU
		{70D8B428-B7C1-476F-A14C-CE382076A590}.Release|Any CPU.ActiveCfg = Release|Any CPU
		{70D8B428-B7C1-476F-A14C-CE382076A590}.Release|Any CPU.Build.0 = Release|Any CPU
		{70D8B428-B7C1-476F-A14C-CE382076A590}.Release|x64.ActiveCfg = Release|Any CPU
		{70D8B428-B7C1-476F-A14C-CE382076A590}.Release|x64.Build.0 = Release|Any CPU
		{70D8B428-B7C1-476F-A14C-CE382076A590}.Release|x86.ActiveCfg = Release|Any CPU
		{70D8B428-B7C1-476F-A14C-CE382076A590}.Release|x86.Build.0 = Release|Any CPU
	EndGlobalSection
	GlobalSection(SolutionProperties) = preSolution
		HideSolutionNode = FALSE
	EndGlobalSection
	GlobalSection(NestedProjects) = preSolution
		{DF5B03B2-1514-4223-9D2B-EEB93A5CEF89} = {45517C2A-513E-4B2F-921D-6D26FDA13AC6}
		{B4E0DF49-5450-4CD0-81CF-D13995784D1F} = {29B45695-F41C-467F-A02F-48F20260D398}
		{F1F90248-4928-471E-A34E-5234FC0C8957} = {45517C2A-513E-4B2F-921D-6D26FDA13AC6}
		{8F68FFC9-C127-4F6A-9773-8C7BDA276875} = {45517C2A-513E-4B2F-921D-6D26FDA13AC6}
		{E3676D55-B27B-4827-B1B5-67EAF838C080} = {29B45695-F41C-467F-A02F-48F20260D398}
		{4C9D4FE1-2578-4B77-99F5-BA39F8299A55} = {29B45695-F41C-467F-A02F-48F20260D398}
		{8221AABF-E344-4798-BCE3-BC094EB40279} = {45517C2A-513E-4B2F-921D-6D26FDA13AC6}
		{F928A051-CC83-4610-839B-DA0AE009F436} = {45517C2A-513E-4B2F-921D-6D26FDA13AC6}
		{FB6E43CD-902E-4319-9342-0D9B75E08CFF} = {45517C2A-513E-4B2F-921D-6D26FDA13AC6}
		{38FA2602-902D-4361-A03A-902CA7AE256B} = {45517C2A-513E-4B2F-921D-6D26FDA13AC6}
		{CDFB9996-9F69-4A60-8B8D-418FF1E5F260} = {45517C2A-513E-4B2F-921D-6D26FDA13AC6}
		{930E4B55-C850-4421-8D1F-8B3D8BA04E8B} = {45517C2A-513E-4B2F-921D-6D26FDA13AC6}
		{259DB72B-8CD4-4694-BC15-93965D98CAD5} = {45517C2A-513E-4B2F-921D-6D26FDA13AC6}
		{9E94CD22-721E-428A-92AD-9E43EFB3DEEF} = {45517C2A-513E-4B2F-921D-6D26FDA13AC6}
		{44F4F35E-8446-4FA9-A825-D974DF5FF290} = {45517C2A-513E-4B2F-921D-6D26FDA13AC6}
		{E0CAF5D7-085F-4AFF-94D3-DE80CAFC11F8} = {29B45695-F41C-467F-A02F-48F20260D398}
		{7FBEC4F4-E3CF-4187-9F69-36C4AADF08BD} = {F8094304-F2FB-434E-9358-271310D36764}
		{3547E130-047F-4702-8F28-77CD63623361} = {F8094304-F2FB-434E-9358-271310D36764}
		{52F6644E-0C29-47EC-BE65-67AF102B52BE} = {F8094304-F2FB-434E-9358-271310D36764}
		{00E83E1C-1C6C-4A4E-94AC-251B32AF9DF2} = {F8094304-F2FB-434E-9358-271310D36764}
		{A426A69E-8181-4945-9D2B-9587D773C684} = {F8094304-F2FB-434E-9358-271310D36764}
		{70B4C488-FA87-48EC-97DA-9E2AD0189409} = {F8094304-F2FB-434E-9358-271310D36764}
		{B0DCE792-C5F3-4739-96BA-490A8135503C} = {29B45695-F41C-467F-A02F-48F20260D398}
		{3371B195-82C0-4B13-993E-0F8D48554A65} = {29B45695-F41C-467F-A02F-48F20260D398}
		{9B63E217-66B1-4908-942E-0B24FE58DD4D} = {29B45695-F41C-467F-A02F-48F20260D398}
		{9825E104-1B58-475B-9F10-979812D5F6F0} = {29B45695-F41C-467F-A02F-48F20260D398}
		{0A6EBB26-ED1C-4E47-B603-3C81C3E2C034} = {29B45695-F41C-467F-A02F-48F20260D398}
		{CBCFF06F-D05B-4D2A-AA19-C49192F1024D} = {29B45695-F41C-467F-A02F-48F20260D398}
		{C79D8940-781F-48DE-80EE-BEA86D3BBA48} = {29B45695-F41C-467F-A02F-48F20260D398}
		{5F871275-08E7-417E-B750-1E4AAAFC2978} = {29B45695-F41C-467F-A02F-48F20260D398}
		{6BD56D2E-CD7C-44A5-8DEC-0F438A233FCB} = {29B45695-F41C-467F-A02F-48F20260D398}
		{9F06F714-368D-4B76-8774-5FA92B05B4C2} = {29B45695-F41C-467F-A02F-48F20260D398}
		{428D11E0-779B-4A96-A846-FEB2BABA1C86} = {29B45695-F41C-467F-A02F-48F20260D398}
		{32F0FE89-722A-4660-AAF2-0106CD6757A1} = {F8094304-F2FB-434E-9358-271310D36764}
		{49328370-9D33-4FEF-9903-A0C38197546B} = {45517C2A-513E-4B2F-921D-6D26FDA13AC6}
		{163744B3-4565-4AC6-BF25-30DED1F4CEB2} = {45517C2A-513E-4B2F-921D-6D26FDA13AC6}
		{B14C0D74-30A0-4540-8100-2FFA1C84CA6D} = {F8094304-F2FB-434E-9358-271310D36764}
		{540E750A-214C-434E-934A-F0817DCD855E} = {B14C0D74-30A0-4540-8100-2FFA1C84CA6D}
		{846971AB-1E3C-404F-B935-DE0D84E5F45D} = {540E750A-214C-434E-934A-F0817DCD855E}
		{9CC8CA15-72B5-4B82-A68D-FA87610C1C71} = {540E750A-214C-434E-934A-F0817DCD855E}
		{07DBB043-E6D6-445B-9C0A-E26DD8C76E61} = {540E750A-214C-434E-934A-F0817DCD855E}
		{70F5C29B-65F5-4CA0-99BD-D3A98155CF78} = {540E750A-214C-434E-934A-F0817DCD855E}
		{03BF32AC-0A98-474F-A550-72B20C9B3A33} = {B14C0D74-30A0-4540-8100-2FFA1C84CA6D}
		{777D2BF3-8A5D-434D-891D-85C7FFA218D9} = {03BF32AC-0A98-474F-A550-72B20C9B3A33}
		{73599ADC-B20B-4E24-8CB8-350A3CF60129} = {B14C0D74-30A0-4540-8100-2FFA1C84CA6D}
		{FD27B2E8-6FC4-4475-8DCD-CEB74C081EEA} = {73599ADC-B20B-4E24-8CB8-350A3CF60129}
		{EE4EA1CA-3A8F-4A80-A1FE-606EEFFEC2AD} = {73599ADC-B20B-4E24-8CB8-350A3CF60129}
		{A9B23EC4-412C-4A48-A5F7-93EF880DACAA} = {73599ADC-B20B-4E24-8CB8-350A3CF60129}
		{F33D610F-26A3-4085-83ED-71E3828BF48D} = {B14C0D74-30A0-4540-8100-2FFA1C84CA6D}
		{371E4F55-A0C0-4B6B-A091-55122BAF197A} = {F33D610F-26A3-4085-83ED-71E3828BF48D}
		{BBDED5EC-EEA4-4DDE-82B3-9AEC0718C4E1} = {F33D610F-26A3-4085-83ED-71E3828BF48D}
		{3BA833DE-1396-4EFD-93CE-4CBA7741C73E} = {F33D610F-26A3-4085-83ED-71E3828BF48D}
		{1A3D02FA-96F1-40B5-A679-775E8FF735BE} = {B14C0D74-30A0-4540-8100-2FFA1C84CA6D}
		{42894328-4E10-4A88-BB4B-6B2CB93121DE} = {1A3D02FA-96F1-40B5-A679-775E8FF735BE}
		{26E4D7DA-4E55-4EBA-A2CD-B78CDF863204} = {1A3D02FA-96F1-40B5-A679-775E8FF735BE}
		{2250809E-2E22-4261-A93E-98EF776AED36} = {45517C2A-513E-4B2F-921D-6D26FDA13AC6}
		{695A262C-B8BC-414E-A954-AC5F5844B8F3} = {03BF32AC-0A98-474F-A550-72B20C9B3A33}
		{060C06E9-9C76-40FB-A7FD-24DC5478E19B} = {03BF32AC-0A98-474F-A550-72B20C9B3A33}
		{61318857-EAE5-4C8C-B32C-96898213C290} = {F8094304-F2FB-434E-9358-271310D36764}
		{1EA6E89D-D5F7-454F-B9D4-27C2F69CE66B} = {F8094304-F2FB-434E-9358-271310D36764}
		{9306081A-AFE0-460C-B7AD-FAED5643443E} = {45517C2A-513E-4B2F-921D-6D26FDA13AC6}
		{8145CE2F-2615-4C68-B992-2216A1C705B7} = {45517C2A-513E-4B2F-921D-6D26FDA13AC6}
		{1644AEDB-5189-4362-A1B9-90187B57E0DA} = {45517C2A-513E-4B2F-921D-6D26FDA13AC6}
		{C050A480-6036-44F9-939C-A2B7BA88810B} = {45517C2A-513E-4B2F-921D-6D26FDA13AC6}
		{B84A2A8B-86C4-48E7-8C17-317482E419F1} = {F8094304-F2FB-434E-9358-271310D36764}
		{70D8B428-B7C1-476F-A14C-CE382076A590} = {45517C2A-513E-4B2F-921D-6D26FDA13AC6}
	EndGlobalSection
	GlobalSection(ExtensibilityGlobals) = postSolution
		SolutionGuid = {B449416C-C504-4FA8-9E10-10857263A64A}
	EndGlobalSection
EndGlobal
